// !$*UTF8*$!
{
	archiveVersion = 1;
	classes = {
	};
	objectVersion = 46;
	objects = {

/* Begin PBXBuildFile section */
		071EB1BE211E2EB600AE493E /* Media.xcassets in Resources */ = {isa = PBXBuildFile; fileRef = 2AE49B821B09415500BADC8B /* Media.xcassets */; };
		262162DE27A10ACA007E23E8 /* Interface.storyboard in Resources */ = {isa = PBXBuildFile; fileRef = 262162DC27A10ACA007E23E8 /* Interface.storyboard */; };
		262162E027A10ACA007E23E8 /* Assets.xcassets in Resources */ = {isa = PBXBuildFile; fileRef = 262162DF27A10ACA007E23E8 /* Assets.xcassets */; };
		262162E627A10ACA007E23E8 /* watch WatchKit Extension.appex in Embed App Extensions */ = {isa = PBXBuildFile; fileRef = 262162E527A10ACA007E23E8 /* watch WatchKit Extension.appex */; settings = {ATTRIBUTES = (RemoveHeadersOnCopy, ); }; };
		262162EC27A10ACA007E23E8 /* InterfaceController.m in Sources */ = {isa = PBXBuildFile; fileRef = 262162EB27A10ACA007E23E8 /* InterfaceController.m */; };
		262162EF27A10ACA007E23E8 /* ExtensionDelegate.m in Sources */ = {isa = PBXBuildFile; fileRef = 262162EE27A10ACA007E23E8 /* ExtensionDelegate.m */; };
		262162F227A10ACA007E23E8 /* NotificationController.m in Sources */ = {isa = PBXBuildFile; fileRef = 262162F127A10ACA007E23E8 /* NotificationController.m */; };
		262162F527A10ACA007E23E8 /* ComplicationController.m in Sources */ = {isa = PBXBuildFile; fileRef = 262162F427A10ACA007E23E8 /* ComplicationController.m */; };
		262162F727A10ACB007E23E8 /* Assets.xcassets in Resources */ = {isa = PBXBuildFile; fileRef = 262162F627A10ACB007E23E8 /* Assets.xcassets */; };
		2621630327A10ACB007E23E8 /* watchTests.m in Sources */ = {isa = PBXBuildFile; fileRef = 2621630227A10ACB007E23E8 /* watchTests.m */; };
		2621630D27A10ACB007E23E8 /* watchUITests.m in Sources */ = {isa = PBXBuildFile; fileRef = 2621630C27A10ACB007E23E8 /* watchUITests.m */; };
		2621630F27A10ACB007E23E8 /* watchUITestsLaunchTests.m in Sources */ = {isa = PBXBuildFile; fileRef = 2621630E27A10ACB007E23E8 /* watchUITestsLaunchTests.m */; };
		2621631227A10ACB007E23E8 /* Wyoscan.app in Embed Watch Content */ = {isa = PBXBuildFile; fileRef = 262162DA27A10ACA007E23E8 /* Wyoscan.app */; settings = {ATTRIBUTES = (RemoveHeadersOnCopy, ); }; };
		26AB9FEA27A2EA5E009B2185 /* FaceScene.sks in Resources */ = {isa = PBXBuildFile; fileRef = 26AB9FE927A2EA5E009B2185 /* FaceScene.sks */; };
		26AB9FED27A2EAD1009B2185 /* FaceScene.m in Sources */ = {isa = PBXBuildFile; fileRef = 26AB9FEC27A2EAD1009B2185 /* FaceScene.m */; };
		26AB9FEF27A3A2FB009B2185 /* SpriteKit.framework in Frameworks */ = {isa = PBXBuildFile; fileRef = 26AB9FEE27A3A2FB009B2185 /* SpriteKit.framework */; };
		26AB9FF227A3A551009B2185 /* rtc.c in Sources */ = {isa = PBXBuildFile; fileRef = 63E86717175A739500135D0A /* rtc.c */; };
		26AB9FF327A3A553009B2185 /* LCD.c in Sources */ = {isa = PBXBuildFile; fileRef = 63E867111759547A00135D0A /* LCD.c */; };
		26AB9FF427A3A556009B2185 /* msp430.c in Sources */ = {isa = PBXBuildFile; fileRef = 63E8671E175A746F00135D0A /* msp430.c */; };
		26AB9FF527A3A6EE009B2185 /* Media.xcassets in Resources */ = {isa = PBXBuildFile; fileRef = 2A77DCE21B03EF420042EDA7 /* Media.xcassets */; };
		26ABA00027A3B217009B2185 /* dexterSinister.c in Sources */ = {isa = PBXBuildFile; fileRef = 63E8670E175953E500135D0A /* dexterSinister.c */; };
		26D843C52DC3BE810004F697 /* jingle.mp3 in Resources */ = {isa = PBXBuildFile; fileRef = 26D843C42DC3BE810004F697 /* jingle.mp3 */; };
		26D843C62DC3BE810004F697 /* jingle.mp3 in Resources */ = {isa = PBXBuildFile; fileRef = 26D843C42DC3BE810004F697 /* jingle.mp3 */; };
		26D843C72DC3BE810004F697 /* jingle.mp3 in Resources */ = {isa = PBXBuildFile; fileRef = 26D843C42DC3BE810004F697 /* jingle.mp3 */; };
		26D843C82DC3BE9B0004F697 /* jingle.mp3 in Resources */ = {isa = PBXBuildFile; fileRef = 26D843C42DC3BE810004F697 /* jingle.mp3 */; };
		26D843CA2DC3CF5A0004F697 /* AVFoundation.framework in Frameworks */ = {isa = PBXBuildFile; fileRef = 26D843C92DC3CF5A0004F697 /* AVFoundation.framework */; };
		26D843CC2DC447F90004F697 /* LaunchScreen.storyboard in Resources */ = {isa = PBXBuildFile; fileRef = 26D843CB2DC447F90004F697 /* LaunchScreen.storyboard */; };
		2A77DCE31B03EF420042EDA7 /* Media.xcassets in Resources */ = {isa = PBXBuildFile; fileRef = 2A77DCE21B03EF420042EDA7 /* Media.xcassets */; };
		2ADB64301AFAA69400DFEBF7 /* f91w.m in Sources */ = {isa = PBXBuildFile; fileRef = 63E86715175A2C9A00135D0A /* f91w.m */; };
		2ADB64311AFAA69700DFEBF7 /* display.m in Sources */ = {isa = PBXBuildFile; fileRef = 63E86725175D33E200135D0A /* display.m */; };
		2ADB64321AFAA69B00DFEBF7 /* dexterSinister.c in Sources */ = {isa = PBXBuildFile; fileRef = 63E8670E175953E500135D0A /* dexterSinister.c */; };
		2ADB64331AFAA69D00DFEBF7 /* dexterSinister_UI.c in Sources */ = {isa = PBXBuildFile; fileRef = 63E8671A175A739B00135D0A /* dexterSinister_UI.c */; };
		2ADB64341AFAA6A100DFEBF7 /* LCD.c in Sources */ = {isa = PBXBuildFile; fileRef = 63E867111759547A00135D0A /* LCD.c */; };
		2ADB64351AFAA6A500DFEBF7 /* rtc.c in Sources */ = {isa = PBXBuildFile; fileRef = 63E86717175A739500135D0A /* rtc.c */; };
		2ADB64361AFAA6A900DFEBF7 /* msp430.c in Sources */ = {isa = PBXBuildFile; fileRef = 63E8671E175A746F00135D0A /* msp430.c */; };
		2AE49B7F1B0931F500BADC8B /* Storyboard.storyboard in Resources */ = {isa = PBXBuildFile; fileRef = 2AE49B7E1B0931F500BADC8B /* Storyboard.storyboard */; };
		6302D24F17567875006961E3 /* UIKit.framework in Frameworks */ = {isa = PBXBuildFile; fileRef = 6302D24E17567875006961E3 /* UIKit.framework */; settings = {ATTRIBUTES = (Required, ); }; };
		6302D25117567875006961E3 /* Foundation.framework in Frameworks */ = {isa = PBXBuildFile; fileRef = 6302D25017567875006961E3 /* Foundation.framework */; };
		6302D25317567875006961E3 /* CoreGraphics.framework in Frameworks */ = {isa = PBXBuildFile; fileRef = 6302D25217567875006961E3 /* CoreGraphics.framework */; };
		6302D25917567875006961E3 /* InfoPlist.strings in Resources */ = {isa = PBXBuildFile; fileRef = 6302D25717567875006961E3 /* InfoPlist.strings */; };
		6302D25B17567875006961E3 /* main.m in Sources */ = {isa = PBXBuildFile; fileRef = 6302D25A17567875006961E3 /* main.m */; };
		6302D25F17567875006961E3 /* f91wAppDelegate.m in Sources */ = {isa = PBXBuildFile; fileRef = 6302D25E17567875006961E3 /* f91wAppDelegate.m */; };
		6302D26117567875006961E3 /* Default.png in Resources */ = {isa = PBXBuildFile; fileRef = 6302D26017567875006961E3 /* Default.png */; };
		6302D26317567875006961E3 /* Default@2x.png in Resources */ = {isa = PBXBuildFile; fileRef = 6302D26217567875006961E3 /* Default@2x.png */; };
		6302D26517567875006961E3 /* Default-568h@2x.png in Resources */ = {isa = PBXBuildFile; fileRef = 6302D26417567875006961E3 /* Default-568h@2x.png */; };
		6302D26817567875006961E3 /* MainStoryboard_iPhone.storyboard in Resources */ = {isa = PBXBuildFile; fileRef = 6302D26617567875006961E3 /* MainStoryboard_iPhone.storyboard */; };
		6302D26B17567875006961E3 /* MainStoryboard_iPad.storyboard in Resources */ = {isa = PBXBuildFile; fileRef = 6302D26917567875006961E3 /* MainStoryboard_iPad.storyboard */; };
		6302D26E17567875006961E3 /* f91wViewController.m in Sources */ = {isa = PBXBuildFile; fileRef = 6302D26D17567875006961E3 /* f91wViewController.m */; };
		6302D27617567875006961E3 /* SenTestingKit.framework in Frameworks */ = {isa = PBXBuildFile; fileRef = 6302D27517567875006961E3 /* SenTestingKit.framework */; };
		6302D27717567875006961E3 /* UIKit.framework in Frameworks */ = {isa = PBXBuildFile; fileRef = 6302D24E17567875006961E3 /* UIKit.framework */; };
		6302D27817567875006961E3 /* Foundation.framework in Frameworks */ = {isa = PBXBuildFile; fileRef = 6302D25017567875006961E3 /* Foundation.framework */; };
		6302D28017567875006961E3 /* InfoPlist.strings in Resources */ = {isa = PBXBuildFile; fileRef = 6302D27E17567875006961E3 /* InfoPlist.strings */; };
		6302D28317567875006961E3 /* f91wTests.m in Sources */ = {isa = PBXBuildFile; fileRef = 6302D28217567875006961E3 /* f91wTests.m */; };
		6302D29317568201006961E3 /* QuartzCore.framework in Frameworks */ = {isa = PBXBuildFile; fileRef = 6302D29217568201006961E3 /* QuartzCore.framework */; };
		63E8670F175953E500135D0A /* dexterSinister.c in Sources */ = {isa = PBXBuildFile; fileRef = 63E8670E175953E500135D0A /* dexterSinister.c */; };
		63E86716175A2C9A00135D0A /* f91w.m in Sources */ = {isa = PBXBuildFile; fileRef = 63E86715175A2C9A00135D0A /* f91w.m */; };
		63E8671F175A746F00135D0A /* msp430.c in Sources */ = {isa = PBXBuildFile; fileRef = 63E8671E175A746F00135D0A /* msp430.c */; };
		63E86721175A80F900135D0A /* LCD.c in Sources */ = {isa = PBXBuildFile; fileRef = 63E867111759547A00135D0A /* LCD.c */; };
		63E86722175A80FC00135D0A /* rtc.c in Sources */ = {isa = PBXBuildFile; fileRef = 63E86717175A739500135D0A /* rtc.c */; };
		63E86723175A810300135D0A /* dexterSinister_UI.c in Sources */ = {isa = PBXBuildFile; fileRef = 63E8671A175A739B00135D0A /* dexterSinister_UI.c */; };
		63E86726175D33E200135D0A /* display.m in Sources */ = {isa = PBXBuildFile; fileRef = 63E86725175D33E200135D0A /* display.m */; };
		63E86737175E43BF00135D0A /* InfoPlist.strings in Resources */ = {isa = PBXBuildFile; fileRef = 63E86735175E43BF00135D0A /* InfoPlist.strings */; };
		63E86739175E43BF00135D0A /* main.m in Sources */ = {isa = PBXBuildFile; fileRef = 63E86738175E43BF00135D0A /* main.m */; };
		63E8673D175E43BF00135D0A /* Credits.rtf in Resources */ = {isa = PBXBuildFile; fileRef = 63E8673B175E43BF00135D0A /* Credits.rtf */; };
		63E86740175E43BF00135D0A /* f91wAppDelegate.m in Sources */ = {isa = PBXBuildFile; fileRef = 63E8673F175E43BF00135D0A /* f91wAppDelegate.m */; };
		63E86743175E43C000135D0A /* MainMenu.xib in Resources */ = {isa = PBXBuildFile; fileRef = 63E86741175E43C000135D0A /* MainMenu.xib */; };
		63E8674A175E43C100135D0A /* SenTestingKit.framework in Frameworks */ = {isa = PBXBuildFile; fileRef = 6302D27517567875006961E3 /* SenTestingKit.framework */; };
		63E86753175E43C100135D0A /* InfoPlist.strings in Resources */ = {isa = PBXBuildFile; fileRef = 63E86751175E43C100135D0A /* InfoPlist.strings */; };
		63E86756175E43C100135D0A /* f91w_osxTests.m in Sources */ = {isa = PBXBuildFile; fileRef = 63E86755175E43C100135D0A /* f91w_osxTests.m */; };
		63FAD66C1759227100FFB66B /* libxml2.dylib in Frameworks */ = {isa = PBXBuildFile; fileRef = 63FAD66B1759227100FFB66B /* libxml2.dylib */; };
		63FAD66E1759228300FFB66B /* CoreText.framework in Frameworks */ = {isa = PBXBuildFile; fileRef = 63FAD66D1759228300FFB66B /* CoreText.framework */; };
		63FAD6701759229000FFB66B /* CoreImage.framework in Frameworks */ = {isa = PBXBuildFile; fileRef = 63FAD66F1759229000FFB66B /* CoreImage.framework */; };
		93E4CAF227AE25C3006A5034 /* dexterSinister_UI.c in Sources */ = {isa = PBXBuildFile; fileRef = 63E8671A175A739B00135D0A /* dexterSinister_UI.c */; };
/* End PBXBuildFile section */

/* Begin PBXContainerItemProxy section */
		262162E727A10ACA007E23E8 /* PBXContainerItemProxy */ = {
			isa = PBXContainerItemProxy;
			containerPortal = 6302D24317567875006961E3 /* Project object */;
			proxyType = 1;
			remoteGlobalIDString = 262162E427A10ACA007E23E8;
			remoteInfo = "watch WatchKit Extension";
		};
		262162FF27A10ACB007E23E8 /* PBXContainerItemProxy */ = {
			isa = PBXContainerItemProxy;
			containerPortal = 6302D24317567875006961E3 /* Project object */;
			proxyType = 1;
			remoteGlobalIDString = 262162E427A10ACA007E23E8;
			remoteInfo = "watch WatchKit Extension";
		};
		2621630927A10ACB007E23E8 /* PBXContainerItemProxy */ = {
			isa = PBXContainerItemProxy;
			containerPortal = 6302D24317567875006961E3 /* Project object */;
			proxyType = 1;
			remoteGlobalIDString = 262162D927A10ACA007E23E8;
			remoteInfo = watch;
		};
		2621631027A10ACB007E23E8 /* PBXContainerItemProxy */ = {
			isa = PBXContainerItemProxy;
			containerPortal = 6302D24317567875006961E3 /* Project object */;
			proxyType = 1;
			remoteGlobalIDString = 262162D927A10ACA007E23E8;
			remoteInfo = watch;
		};
		6302D27917567875006961E3 /* PBXContainerItemProxy */ = {
			isa = PBXContainerItemProxy;
			containerPortal = 6302D24317567875006961E3 /* Project object */;
			proxyType = 1;
			remoteGlobalIDString = 6302D24A17567875006961E3;
			remoteInfo = f91w;
		};
		63E8674C175E43C100135D0A /* PBXContainerItemProxy */ = {
			isa = PBXContainerItemProxy;
			containerPortal = 6302D24317567875006961E3 /* Project object */;
			proxyType = 1;
			remoteGlobalIDString = 63E8672A175E43BD00135D0A;
			remoteInfo = f91w_osx;
		};
/* End PBXContainerItemProxy section */

/* Begin PBXCopyFilesBuildPhase section */
		2621631627A10ACB007E23E8 /* Embed App Extensions */ = {
			isa = PBXCopyFilesBuildPhase;
			buildActionMask = 2147483647;
			dstPath = "";
			dstSubfolderSpec = 13;
			files = (
				262162E627A10ACA007E23E8 /* watch WatchKit Extension.appex in Embed App Extensions */,
			);
			name = "Embed App Extensions";
			runOnlyForDeploymentPostprocessing = 0;
		};
		2621631A27A10ACB007E23E8 /* Embed Watch Content */ = {
			isa = PBXCopyFilesBuildPhase;
			buildActionMask = 2147483647;
			dstPath = "$(CONTENTS_FOLDER_PATH)/Watch";
			dstSubfolderSpec = 16;
			files = (
				2621631227A10ACB007E23E8 /* Wyoscan.app in Embed Watch Content */,
			);
			name = "Embed Watch Content";
			runOnlyForDeploymentPostprocessing = 0;
		};
/* End PBXCopyFilesBuildPhase section */

/* Begin PBXFileReference section */
		262162DA27A10ACA007E23E8 /* Wyoscan.app */ = {isa = PBXFileReference; explicitFileType = wrapper.application; includeInIndex = 0; path = Wyoscan.app; sourceTree = BUILT_PRODUCTS_DIR; };
		262162DD27A10ACA007E23E8 /* Base */ = {isa = PBXFileReference; lastKnownFileType = file.storyboard; name = Base; path = Base.lproj/Interface.storyboard; sourceTree = "<group>"; };
		262162DF27A10ACA007E23E8 /* Assets.xcassets */ = {isa = PBXFileReference; lastKnownFileType = folder.assetcatalog; path = Assets.xcassets; sourceTree = "<group>"; };
		262162E527A10ACA007E23E8 /* watch WatchKit Extension.appex */ = {isa = PBXFileReference; explicitFileType = "wrapper.app-extension"; includeInIndex = 0; path = "watch WatchKit Extension.appex"; sourceTree = BUILT_PRODUCTS_DIR; };
		262162EA27A10ACA007E23E8 /* InterfaceController.h */ = {isa = PBXFileReference; lastKnownFileType = sourcecode.c.h; path = InterfaceController.h; sourceTree = "<group>"; };
		262162EB27A10ACA007E23E8 /* InterfaceController.m */ = {isa = PBXFileReference; lastKnownFileType = sourcecode.c.objc; path = InterfaceController.m; sourceTree = "<group>"; };
		262162ED27A10ACA007E23E8 /* ExtensionDelegate.h */ = {isa = PBXFileReference; lastKnownFileType = sourcecode.c.h; path = ExtensionDelegate.h; sourceTree = "<group>"; };
		262162EE27A10ACA007E23E8 /* ExtensionDelegate.m */ = {isa = PBXFileReference; lastKnownFileType = sourcecode.c.objc; path = ExtensionDelegate.m; sourceTree = "<group>"; };
		262162F027A10ACA007E23E8 /* NotificationController.h */ = {isa = PBXFileReference; lastKnownFileType = sourcecode.c.h; path = NotificationController.h; sourceTree = "<group>"; };
		262162F127A10ACA007E23E8 /* NotificationController.m */ = {isa = PBXFileReference; lastKnownFileType = sourcecode.c.objc; path = NotificationController.m; sourceTree = "<group>"; };
		262162F327A10ACA007E23E8 /* ComplicationController.h */ = {isa = PBXFileReference; lastKnownFileType = sourcecode.c.h; path = ComplicationController.h; sourceTree = "<group>"; };
		262162F427A10ACA007E23E8 /* ComplicationController.m */ = {isa = PBXFileReference; lastKnownFileType = sourcecode.c.objc; path = ComplicationController.m; sourceTree = "<group>"; };
		262162F627A10ACB007E23E8 /* Assets.xcassets */ = {isa = PBXFileReference; lastKnownFileType = folder.assetcatalog; path = Assets.xcassets; sourceTree = "<group>"; };
		262162F827A10ACB007E23E8 /* Info.plist */ = {isa = PBXFileReference; lastKnownFileType = text.plist.xml; path = Info.plist; sourceTree = "<group>"; };
		262162F927A10ACB007E23E8 /* PushNotificationPayload.apns */ = {isa = PBXFileReference; lastKnownFileType = text; path = PushNotificationPayload.apns; sourceTree = "<group>"; };
		262162FE27A10ACB007E23E8 /* watchTests.xctest */ = {isa = PBXFileReference; explicitFileType = wrapper.cfbundle; includeInIndex = 0; path = watchTests.xctest; sourceTree = BUILT_PRODUCTS_DIR; };
		2621630227A10ACB007E23E8 /* watchTests.m */ = {isa = PBXFileReference; lastKnownFileType = sourcecode.c.objc; path = watchTests.m; sourceTree = "<group>"; };
		2621630827A10ACB007E23E8 /* watchUITests.xctest */ = {isa = PBXFileReference; explicitFileType = wrapper.cfbundle; includeInIndex = 0; path = watchUITests.xctest; sourceTree = BUILT_PRODUCTS_DIR; };
		2621630C27A10ACB007E23E8 /* watchUITests.m */ = {isa = PBXFileReference; lastKnownFileType = sourcecode.c.objc; path = watchUITests.m; sourceTree = "<group>"; };
		2621630E27A10ACB007E23E8 /* watchUITestsLaunchTests.m */ = {isa = PBXFileReference; lastKnownFileType = sourcecode.c.objc; path = watchUITestsLaunchTests.m; sourceTree = "<group>"; };
		26AB9FE927A2EA5E009B2185 /* FaceScene.sks */ = {isa = PBXFileReference; lastKnownFileType = file.sks; path = FaceScene.sks; sourceTree = "<group>"; };
		26AB9FEB27A2EA93009B2185 /* FaceScene.h */ = {isa = PBXFileReference; lastKnownFileType = sourcecode.c.h; path = FaceScene.h; sourceTree = "<group>"; };
		26AB9FEC27A2EAD1009B2185 /* FaceScene.m */ = {isa = PBXFileReference; lastKnownFileType = sourcecode.c.objc; path = FaceScene.m; sourceTree = "<group>"; };
		26AB9FEE27A3A2FB009B2185 /* SpriteKit.framework */ = {isa = PBXFileReference; lastKnownFileType = wrapper.framework; name = SpriteKit.framework; path = Platforms/WatchOS.platform/Developer/SDKs/WatchOS8.3.sdk/System/Library/Frameworks/SpriteKit.framework; sourceTree = DEVELOPER_DIR; };
		26D843C42DC3BE810004F697 /* jingle.mp3 */ = {isa = PBXFileReference; lastKnownFileType = audio.mp3; path = jingle.mp3; sourceTree = "<group>"; };
		26D843C92DC3CF5A0004F697 /* AVFoundation.framework */ = {isa = PBXFileReference; lastKnownFileType = wrapper.framework; name = AVFoundation.framework; path = System/Library/Frameworks/AVFoundation.framework; sourceTree = SDKROOT; };
		26D843CB2DC447F90004F697 /* LaunchScreen.storyboard */ = {isa = PBXFileReference; lastKnownFileType = file.storyboard; path = LaunchScreen.storyboard; sourceTree = "<group>"; };
		2A77DCE21B03EF420042EDA7 /* Media.xcassets */ = {isa = PBXFileReference; lastKnownFileType = folder.assetcatalog; path = Media.xcassets; sourceTree = "<group>"; };
		2AE49B7E1B0931F500BADC8B /* Storyboard.storyboard */ = {isa = PBXFileReference; fileEncoding = 4; lastKnownFileType = file.storyboard; path = Storyboard.storyboard; sourceTree = "<group>"; };
		2AE49B821B09415500BADC8B /* Media.xcassets */ = {isa = PBXFileReference; lastKnownFileType = folder.assetcatalog; path = Media.xcassets; sourceTree = "<group>"; };
		6302D24B17567875006961E3 /* f91w.app */ = {isa = PBXFileReference; explicitFileType = wrapper.application; includeInIndex = 0; path = f91w.app; sourceTree = BUILT_PRODUCTS_DIR; };
		6302D24E17567875006961E3 /* UIKit.framework */ = {isa = PBXFileReference; lastKnownFileType = wrapper.framework; name = UIKit.framework; path = System/Library/Frameworks/UIKit.framework; sourceTree = SDKROOT; };
		6302D25017567875006961E3 /* Foundation.framework */ = {isa = PBXFileReference; lastKnownFileType = wrapper.framework; name = Foundation.framework; path = System/Library/Frameworks/Foundation.framework; sourceTree = SDKROOT; };
		6302D25217567875006961E3 /* CoreGraphics.framework */ = {isa = PBXFileReference; lastKnownFileType = wrapper.framework; name = CoreGraphics.framework; path = System/Library/Frameworks/CoreGraphics.framework; sourceTree = SDKROOT; };
		6302D25617567875006961E3 /* f91w-Info.plist */ = {isa = PBXFileReference; lastKnownFileType = text.plist.xml; path = "f91w-Info.plist"; sourceTree = "<group>"; };
		6302D25817567875006961E3 /* en */ = {isa = PBXFileReference; lastKnownFileType = text.plist.strings; name = en; path = en.lproj/InfoPlist.strings; sourceTree = "<group>"; };
		6302D25A17567875006961E3 /* main.m */ = {isa = PBXFileReference; lastKnownFileType = sourcecode.c.objc; path = main.m; sourceTree = "<group>"; };
		6302D25C17567875006961E3 /* f91w-Prefix.pch */ = {isa = PBXFileReference; lastKnownFileType = sourcecode.c.h; path = "f91w-Prefix.pch"; sourceTree = "<group>"; };
		6302D25D17567875006961E3 /* f91wAppDelegate.h */ = {isa = PBXFileReference; lastKnownFileType = sourcecode.c.h; path = f91wAppDelegate.h; sourceTree = "<group>"; };
		6302D25E17567875006961E3 /* f91wAppDelegate.m */ = {isa = PBXFileReference; lastKnownFileType = sourcecode.c.objc; path = f91wAppDelegate.m; sourceTree = "<group>"; };
		6302D26017567875006961E3 /* Default.png */ = {isa = PBXFileReference; lastKnownFileType = image.png; path = Default.png; sourceTree = "<group>"; };
		6302D26217567875006961E3 /* Default@2x.png */ = {isa = PBXFileReference; lastKnownFileType = image.png; path = "Default@2x.png"; sourceTree = "<group>"; };
		6302D26417567875006961E3 /* Default-568h@2x.png */ = {isa = PBXFileReference; lastKnownFileType = image.png; path = "Default-568h@2x.png"; sourceTree = "<group>"; };
		6302D26717567875006961E3 /* en */ = {isa = PBXFileReference; lastKnownFileType = file.storyboard; name = en; path = en.lproj/MainStoryboard_iPhone.storyboard; sourceTree = "<group>"; };
		6302D26A17567875006961E3 /* en */ = {isa = PBXFileReference; lastKnownFileType = file.storyboard; name = en; path = en.lproj/MainStoryboard_iPad.storyboard; sourceTree = "<group>"; };
		6302D26C17567875006961E3 /* f91wViewController.h */ = {isa = PBXFileReference; lastKnownFileType = sourcecode.c.h; path = f91wViewController.h; sourceTree = "<group>"; };
		6302D26D17567875006961E3 /* f91wViewController.m */ = {isa = PBXFileReference; lastKnownFileType = sourcecode.c.objc; path = f91wViewController.m; sourceTree = "<group>"; };
		6302D27417567875006961E3 /* f91wTests.octest */ = {isa = PBXFileReference; explicitFileType = wrapper.cfbundle; includeInIndex = 0; path = f91wTests.octest; sourceTree = BUILT_PRODUCTS_DIR; };
		6302D27517567875006961E3 /* SenTestingKit.framework */ = {isa = PBXFileReference; lastKnownFileType = wrapper.framework; name = SenTestingKit.framework; path = Library/Frameworks/SenTestingKit.framework; sourceTree = DEVELOPER_DIR; };
		6302D27D17567875006961E3 /* f91wTests-Info.plist */ = {isa = PBXFileReference; lastKnownFileType = text.plist.xml; path = "f91wTests-Info.plist"; sourceTree = "<group>"; };
		6302D27F17567875006961E3 /* en */ = {isa = PBXFileReference; lastKnownFileType = text.plist.strings; name = en; path = en.lproj/InfoPlist.strings; sourceTree = "<group>"; };
		6302D28117567875006961E3 /* f91wTests.h */ = {isa = PBXFileReference; lastKnownFileType = sourcecode.c.h; path = f91wTests.h; sourceTree = "<group>"; };
		6302D28217567875006961E3 /* f91wTests.m */ = {isa = PBXFileReference; lastKnownFileType = sourcecode.c.objc; path = f91wTests.m; sourceTree = "<group>"; };
		6302D29217568201006961E3 /* QuartzCore.framework */ = {isa = PBXFileReference; lastKnownFileType = wrapper.framework; name = QuartzCore.framework; path = System/Library/Frameworks/QuartzCore.framework; sourceTree = SDKROOT; };
		63E8670E175953E500135D0A /* dexterSinister.c */ = {isa = PBXFileReference; fileEncoding = 4; lastKnownFileType = sourcecode.c.c; name = dexterSinister.c; path = ../dexterSinister.c; sourceTree = "<group>"; };
		63E86710175953EC00135D0A /* dexterSinister.h */ = {isa = PBXFileReference; fileEncoding = 4; lastKnownFileType = sourcecode.c.h; name = dexterSinister.h; path = ../dexterSinister.h; sourceTree = "<group>"; };
		63E867111759547A00135D0A /* LCD.c */ = {isa = PBXFileReference; fileEncoding = 4; lastKnownFileType = sourcecode.c.c; name = LCD.c; path = ../LCD.c; sourceTree = "<group>"; };
		63E867121759547A00135D0A /* LCD.h */ = {isa = PBXFileReference; fileEncoding = 4; lastKnownFileType = sourcecode.c.h; name = LCD.h; path = ../LCD.h; sourceTree = "<group>"; };
		63E86714175A2C9A00135D0A /* f91w.h */ = {isa = PBXFileReference; fileEncoding = 4; lastKnownFileType = sourcecode.c.h; path = f91w.h; sourceTree = "<group>"; };
		63E86715175A2C9A00135D0A /* f91w.m */ = {isa = PBXFileReference; fileEncoding = 4; lastKnownFileType = sourcecode.c.objc; path = f91w.m; sourceTree = "<group>"; };
		63E86717175A739500135D0A /* rtc.c */ = {isa = PBXFileReference; fileEncoding = 4; lastKnownFileType = sourcecode.c.c; path = rtc.c; sourceTree = "<group>"; };
		63E86718175A739500135D0A /* rtc.h */ = {isa = PBXFileReference; fileEncoding = 4; lastKnownFileType = sourcecode.c.h; path = rtc.h; sourceTree = "<group>"; };
		63E8671A175A739B00135D0A /* dexterSinister_UI.c */ = {isa = PBXFileReference; fileEncoding = 4; lastKnownFileType = sourcecode.c.c; path = dexterSinister_UI.c; sourceTree = "<group>"; };
		63E8671B175A739B00135D0A /* dexterSinister_UI.h */ = {isa = PBXFileReference; fileEncoding = 4; lastKnownFileType = sourcecode.c.h; path = dexterSinister_UI.h; sourceTree = "<group>"; };
		63E8671E175A746F00135D0A /* msp430.c */ = {isa = PBXFileReference; fileEncoding = 4; lastKnownFileType = sourcecode.c.c; path = msp430.c; sourceTree = "<group>"; };
		63E86720175A748200135D0A /* msp430.h */ = {isa = PBXFileReference; lastKnownFileType = sourcecode.c.h; path = msp430.h; sourceTree = "<group>"; };
		63E86724175D33E100135D0A /* display.h */ = {isa = PBXFileReference; fileEncoding = 4; lastKnownFileType = sourcecode.c.h; path = display.h; sourceTree = "<group>"; };
		63E86725175D33E200135D0A /* display.m */ = {isa = PBXFileReference; fileEncoding = 4; lastKnownFileType = sourcecode.c.objc; path = display.m; sourceTree = "<group>"; };
		63E8672B175E43BE00135D0A /* f91w_osx.app */ = {isa = PBXFileReference; explicitFileType = wrapper.application; includeInIndex = 0; path = f91w_osx.app; sourceTree = BUILT_PRODUCTS_DIR; };
		63E86734175E43BF00135D0A /* f91w_osx-Info.plist */ = {isa = PBXFileReference; lastKnownFileType = text.plist.xml; path = "f91w_osx-Info.plist"; sourceTree = "<group>"; };
		63E86736175E43BF00135D0A /* en */ = {isa = PBXFileReference; lastKnownFileType = text.plist.strings; name = en; path = en.lproj/InfoPlist.strings; sourceTree = "<group>"; };
		63E86738175E43BF00135D0A /* main.m */ = {isa = PBXFileReference; lastKnownFileType = sourcecode.c.objc; path = main.m; sourceTree = "<group>"; };
		63E8673A175E43BF00135D0A /* f91w_osx-Prefix.pch */ = {isa = PBXFileReference; lastKnownFileType = sourcecode.c.h; path = "f91w_osx-Prefix.pch"; sourceTree = "<group>"; };
		63E8673C175E43BF00135D0A /* en */ = {isa = PBXFileReference; lastKnownFileType = text.rtf; name = en; path = en.lproj/Credits.rtf; sourceTree = "<group>"; };
		63E8673E175E43BF00135D0A /* f91wAppDelegate.h */ = {isa = PBXFileReference; lastKnownFileType = sourcecode.c.h; path = f91wAppDelegate.h; sourceTree = "<group>"; };
		63E8673F175E43BF00135D0A /* f91wAppDelegate.m */ = {isa = PBXFileReference; lastKnownFileType = sourcecode.c.objc; path = f91wAppDelegate.m; sourceTree = "<group>"; };
		63E86742175E43C000135D0A /* en */ = {isa = PBXFileReference; lastKnownFileType = file.xib; name = en; path = en.lproj/MainMenu.xib; sourceTree = "<group>"; };
		63E86749175E43C100135D0A /* f91w_osxTests.octest */ = {isa = PBXFileReference; explicitFileType = wrapper.cfbundle; includeInIndex = 0; path = f91w_osxTests.octest; sourceTree = BUILT_PRODUCTS_DIR; };
		63E86750175E43C100135D0A /* f91w_osxTests-Info.plist */ = {isa = PBXFileReference; lastKnownFileType = text.plist.xml; path = "f91w_osxTests-Info.plist"; sourceTree = "<group>"; };
		63E86752175E43C100135D0A /* en */ = {isa = PBXFileReference; lastKnownFileType = text.plist.strings; name = en; path = en.lproj/InfoPlist.strings; sourceTree = "<group>"; };
		63E86754175E43C100135D0A /* f91w_osxTests.h */ = {isa = PBXFileReference; lastKnownFileType = sourcecode.c.h; path = f91w_osxTests.h; sourceTree = "<group>"; };
		63E86755175E43C100135D0A /* f91w_osxTests.m */ = {isa = PBXFileReference; lastKnownFileType = sourcecode.c.objc; path = f91w_osxTests.m; sourceTree = "<group>"; };
		63FAD66B1759227100FFB66B /* libxml2.dylib */ = {isa = PBXFileReference; lastKnownFileType = "compiled.mach-o.dylib"; name = libxml2.dylib; path = usr/lib/libxml2.dylib; sourceTree = SDKROOT; };
		63FAD66D1759228300FFB66B /* CoreText.framework */ = {isa = PBXFileReference; lastKnownFileType = wrapper.framework; name = CoreText.framework; path = System/Library/Frameworks/CoreText.framework; sourceTree = SDKROOT; };
		63FAD66F1759229000FFB66B /* CoreImage.framework */ = {isa = PBXFileReference; lastKnownFileType = wrapper.framework; name = CoreImage.framework; path = System/Library/Frameworks/CoreImage.framework; sourceTree = SDKROOT; };
/* End PBXFileReference section */

/* Begin PBXFrameworksBuildPhase section */
		262162E227A10ACA007E23E8 /* Frameworks */ = {
			isa = PBXFrameworksBuildPhase;
			buildActionMask = 2147483647;
			files = (
				26AB9FEF27A3A2FB009B2185 /* SpriteKit.framework in Frameworks */,
			);
			runOnlyForDeploymentPostprocessing = 0;
		};
		262162FB27A10ACB007E23E8 /* Frameworks */ = {
			isa = PBXFrameworksBuildPhase;
			buildActionMask = 2147483647;
			files = (
			);
			runOnlyForDeploymentPostprocessing = 0;
		};
		2621630527A10ACB007E23E8 /* Frameworks */ = {
			isa = PBXFrameworksBuildPhase;
			buildActionMask = 2147483647;
			files = (
			);
			runOnlyForDeploymentPostprocessing = 0;
		};
		6302D24817567875006961E3 /* Frameworks */ = {
			isa = PBXFrameworksBuildPhase;
			buildActionMask = 2147483647;
			files = (
				26D843CA2DC3CF5A0004F697 /* AVFoundation.framework in Frameworks */,
				63FAD6701759229000FFB66B /* CoreImage.framework in Frameworks */,
				63FAD66E1759228300FFB66B /* CoreText.framework in Frameworks */,
				63FAD66C1759227100FFB66B /* libxml2.dylib in Frameworks */,
				6302D29317568201006961E3 /* QuartzCore.framework in Frameworks */,
				6302D24F17567875006961E3 /* UIKit.framework in Frameworks */,
				6302D25117567875006961E3 /* Foundation.framework in Frameworks */,
				6302D25317567875006961E3 /* CoreGraphics.framework in Frameworks */,
			);
			runOnlyForDeploymentPostprocessing = 0;
		};
		6302D27017567875006961E3 /* Frameworks */ = {
			isa = PBXFrameworksBuildPhase;
			buildActionMask = 2147483647;
			files = (
				6302D27617567875006961E3 /* SenTestingKit.framework in Frameworks */,
				6302D27717567875006961E3 /* UIKit.framework in Frameworks */,
				6302D27817567875006961E3 /* Foundation.framework in Frameworks */,
			);
			runOnlyForDeploymentPostprocessing = 0;
		};
		63E86728175E43BD00135D0A /* Frameworks */ = {
			isa = PBXFrameworksBuildPhase;
			buildActionMask = 2147483647;
			files = (
			);
			runOnlyForDeploymentPostprocessing = 0;
		};
		63E86745175E43C100135D0A /* Frameworks */ = {
			isa = PBXFrameworksBuildPhase;
			buildActionMask = 2147483647;
			files = (
				63E8674A175E43C100135D0A /* SenTestingKit.framework in Frameworks */,
			);
			runOnlyForDeploymentPostprocessing = 0;
		};
/* End PBXFrameworksBuildPhase section */

/* Begin PBXGroup section */
		262162DB27A10ACA007E23E8 /* watch */ = {
			isa = PBXGroup;
			children = (
				262162DC27A10ACA007E23E8 /* Interface.storyboard */,
				262162DF27A10ACA007E23E8 /* Assets.xcassets */,
			);
			path = watch;
			sourceTree = "<group>";
		};
		262162E927A10ACA007E23E8 /* watch WatchKit Extension */ = {
			isa = PBXGroup;
			children = (
				26AB9FE927A2EA5E009B2185 /* FaceScene.sks */,
				26AB9FEB27A2EA93009B2185 /* FaceScene.h */,
				26AB9FEC27A2EAD1009B2185 /* FaceScene.m */,
				262162EA27A10ACA007E23E8 /* InterfaceController.h */,
				262162EB27A10ACA007E23E8 /* InterfaceController.m */,
				262162ED27A10ACA007E23E8 /* ExtensionDelegate.h */,
				262162EE27A10ACA007E23E8 /* ExtensionDelegate.m */,
				262162F027A10ACA007E23E8 /* NotificationController.h */,
				262162F127A10ACA007E23E8 /* NotificationController.m */,
				262162F327A10ACA007E23E8 /* ComplicationController.h */,
				262162F427A10ACA007E23E8 /* ComplicationController.m */,
				262162F627A10ACB007E23E8 /* Assets.xcassets */,
				262162F827A10ACB007E23E8 /* Info.plist */,
				262162F927A10ACB007E23E8 /* PushNotificationPayload.apns */,
			);
			path = "watch WatchKit Extension";
			sourceTree = "<group>";
		};
		2621630127A10ACB007E23E8 /* watchTests */ = {
			isa = PBXGroup;
			children = (
				2621630227A10ACB007E23E8 /* watchTests.m */,
			);
			path = watchTests;
			sourceTree = "<group>";
		};
		2621630B27A10ACB007E23E8 /* watchUITests */ = {
			isa = PBXGroup;
			children = (
				2621630C27A10ACB007E23E8 /* watchUITests.m */,
				2621630E27A10ACB007E23E8 /* watchUITestsLaunchTests.m */,
			);
			path = watchUITests;
			sourceTree = "<group>";
		};
		6302D24217567875006961E3 = {
			isa = PBXGroup;
			children = (
				6302D25417567875006961E3 /* f91w */,
				6302D27B17567875006961E3 /* f91wTests */,
				63FAD66B1759227100FFB66B /* libxml2.dylib */,
				63E86732175E43BE00135D0A /* f91w_osx */,
				63E8674E175E43C100135D0A /* f91w_osxTests */,
				262162DB27A10ACA007E23E8 /* watch */,
				262162E927A10ACA007E23E8 /* watch WatchKit Extension */,
				2621630127A10ACB007E23E8 /* watchTests */,
				2621630B27A10ACB007E23E8 /* watchUITests */,
				6302D24D17567875006961E3 /* Frameworks */,
				6302D24C17567875006961E3 /* Products */,
				26D843C42DC3BE810004F697 /* jingle.mp3 */,
			);
			sourceTree = "<group>";
		};
		6302D24C17567875006961E3 /* Products */ = {
			isa = PBXGroup;
			children = (
				6302D24B17567875006961E3 /* f91w.app */,
				6302D27417567875006961E3 /* f91wTests.octest */,
				63E8672B175E43BE00135D0A /* f91w_osx.app */,
				63E86749175E43C100135D0A /* f91w_osxTests.octest */,
				262162DA27A10ACA007E23E8 /* Wyoscan.app */,
				262162E527A10ACA007E23E8 /* watch WatchKit Extension.appex */,
				262162FE27A10ACB007E23E8 /* watchTests.xctest */,
				2621630827A10ACB007E23E8 /* watchUITests.xctest */,
			);
			name = Products;
			sourceTree = "<group>";
		};
		6302D24D17567875006961E3 /* Frameworks */ = {
			isa = PBXGroup;
			children = (
				26D843C92DC3CF5A0004F697 /* AVFoundation.framework */,
				26AB9FEE27A3A2FB009B2185 /* SpriteKit.framework */,
				63FAD66F1759229000FFB66B /* CoreImage.framework */,
				63FAD66D1759228300FFB66B /* CoreText.framework */,
				6302D29217568201006961E3 /* QuartzCore.framework */,
				6302D24E17567875006961E3 /* UIKit.framework */,
				6302D25017567875006961E3 /* Foundation.framework */,
				6302D25217567875006961E3 /* CoreGraphics.framework */,
				6302D27517567875006961E3 /* SenTestingKit.framework */,
			);
			name = Frameworks;
			sourceTree = "<group>";
		};
		6302D25417567875006961E3 /* f91w */ = {
			isa = PBXGroup;
			children = (
				63E86714175A2C9A00135D0A /* f91w.h */,
				63E86715175A2C9A00135D0A /* f91w.m */,
				63E86724175D33E100135D0A /* display.h */,
				63E86725175D33E200135D0A /* display.m */,
				63E8671D175A73A900135D0A /* ansi c files */,
				6302D25D17567875006961E3 /* f91wAppDelegate.h */,
				6302D25E17567875006961E3 /* f91wAppDelegate.m */,
				6302D26617567875006961E3 /* MainStoryboard_iPhone.storyboard */,
				6302D26917567875006961E3 /* MainStoryboard_iPad.storyboard */,
				6302D26C17567875006961E3 /* f91wViewController.h */,
				6302D26D17567875006961E3 /* f91wViewController.m */,
				6302D25517567875006961E3 /* Supporting Files */,
				2A77DCE21B03EF420042EDA7 /* Media.xcassets */,
				26D843CB2DC447F90004F697 /* LaunchScreen.storyboard */,
			);
			path = f91w;
			sourceTree = "<group>";
		};
		6302D25517567875006961E3 /* Supporting Files */ = {
			isa = PBXGroup;
			children = (
				6302D25617567875006961E3 /* f91w-Info.plist */,
				6302D25717567875006961E3 /* InfoPlist.strings */,
				6302D25A17567875006961E3 /* main.m */,
				6302D25C17567875006961E3 /* f91w-Prefix.pch */,
				6302D26017567875006961E3 /* Default.png */,
				6302D26217567875006961E3 /* Default@2x.png */,
				6302D26417567875006961E3 /* Default-568h@2x.png */,
			);
			name = "Supporting Files";
			sourceTree = "<group>";
		};
		6302D27B17567875006961E3 /* f91wTests */ = {
			isa = PBXGroup;
			children = (
				6302D28117567875006961E3 /* f91wTests.h */,
				6302D28217567875006961E3 /* f91wTests.m */,
				6302D27C17567875006961E3 /* Supporting Files */,
			);
			path = f91wTests;
			sourceTree = "<group>";
		};
		6302D27C17567875006961E3 /* Supporting Files */ = {
			isa = PBXGroup;
			children = (
				6302D27D17567875006961E3 /* f91wTests-Info.plist */,
				6302D27E17567875006961E3 /* InfoPlist.strings */,
			);
			name = "Supporting Files";
			sourceTree = "<group>";
		};
		63E8671D175A73A900135D0A /* ansi c files */ = {
			isa = PBXGroup;
			children = (
				63E86710175953EC00135D0A /* dexterSinister.h */,
				63E8670E175953E500135D0A /* dexterSinister.c */,
				63E8671B175A739B00135D0A /* dexterSinister_UI.h */,
				63E8671A175A739B00135D0A /* dexterSinister_UI.c */,
				63E867121759547A00135D0A /* LCD.h */,
				63E867111759547A00135D0A /* LCD.c */,
				63E86718175A739500135D0A /* rtc.h */,
				63E86717175A739500135D0A /* rtc.c */,
				63E86720175A748200135D0A /* msp430.h */,
				63E8671E175A746F00135D0A /* msp430.c */,
			);
			name = "ansi c files";
			sourceTree = "<group>";
		};
		63E86732175E43BE00135D0A /* f91w_osx */ = {
			isa = PBXGroup;
			children = (
				63E8673E175E43BF00135D0A /* f91wAppDelegate.h */,
				63E8673F175E43BF00135D0A /* f91wAppDelegate.m */,
				63E86741175E43C000135D0A /* MainMenu.xib */,
				63E86733175E43BF00135D0A /* Supporting Files */,
				2AE49B7E1B0931F500BADC8B /* Storyboard.storyboard */,
				2AE49B821B09415500BADC8B /* Media.xcassets */,
			);
			path = f91w_osx;
			sourceTree = "<group>";
		};
		63E86733175E43BF00135D0A /* Supporting Files */ = {
			isa = PBXGroup;
			children = (
				63E86734175E43BF00135D0A /* f91w_osx-Info.plist */,
				63E86735175E43BF00135D0A /* InfoPlist.strings */,
				63E86738175E43BF00135D0A /* main.m */,
				63E8673A175E43BF00135D0A /* f91w_osx-Prefix.pch */,
				63E8673B175E43BF00135D0A /* Credits.rtf */,
			);
			name = "Supporting Files";
			sourceTree = "<group>";
		};
		63E8674E175E43C100135D0A /* f91w_osxTests */ = {
			isa = PBXGroup;
			children = (
				63E86754175E43C100135D0A /* f91w_osxTests.h */,
				63E86755175E43C100135D0A /* f91w_osxTests.m */,
				63E8674F175E43C100135D0A /* Supporting Files */,
			);
			path = f91w_osxTests;
			sourceTree = "<group>";
		};
		63E8674F175E43C100135D0A /* Supporting Files */ = {
			isa = PBXGroup;
			children = (
				63E86750175E43C100135D0A /* f91w_osxTests-Info.plist */,
				63E86751175E43C100135D0A /* InfoPlist.strings */,
			);
			name = "Supporting Files";
			sourceTree = "<group>";
		};
/* End PBXGroup section */

/* Begin PBXNativeTarget section */
		262162D927A10ACA007E23E8 /* watch */ = {
			isa = PBXNativeTarget;
			buildConfigurationList = 2621631727A10ACB007E23E8 /* Build configuration list for PBXNativeTarget "watch" */;
			buildPhases = (
				262162D827A10ACA007E23E8 /* Resources */,
				2621631627A10ACB007E23E8 /* Embed App Extensions */,
			);
			buildRules = (
			);
			dependencies = (
				262162E827A10ACA007E23E8 /* PBXTargetDependency */,
			);
			name = watch;
			productName = watch;
			productReference = 262162DA27A10ACA007E23E8 /* Wyoscan.app */;
			productType = "com.apple.product-type.application.watchapp2";
		};
		262162E427A10ACA007E23E8 /* watch WatchKit Extension */ = {
			isa = PBXNativeTarget;
			buildConfigurationList = 2621631327A10ACB007E23E8 /* Build configuration list for PBXNativeTarget "watch WatchKit Extension" */;
			buildPhases = (
				262162E127A10ACA007E23E8 /* Sources */,
				262162E227A10ACA007E23E8 /* Frameworks */,
				262162E327A10ACA007E23E8 /* Resources */,
			);
			buildRules = (
			);
			dependencies = (
			);
			name = "watch WatchKit Extension";
			productName = "watch WatchKit Extension";
			productReference = 262162E527A10ACA007E23E8 /* watch WatchKit Extension.appex */;
			productType = "com.apple.product-type.watchkit2-extension";
		};
		262162FD27A10ACB007E23E8 /* watchTests */ = {
			isa = PBXNativeTarget;
			buildConfigurationList = 2621631B27A10ACB007E23E8 /* Build configuration list for PBXNativeTarget "watchTests" */;
			buildPhases = (
				262162FA27A10ACB007E23E8 /* Sources */,
				262162FB27A10ACB007E23E8 /* Frameworks */,
				262162FC27A10ACB007E23E8 /* Resources */,
			);
			buildRules = (
			);
			dependencies = (
				2621630027A10ACB007E23E8 /* PBXTargetDependency */,
			);
			name = watchTests;
			productName = watchTests;
			productReference = 262162FE27A10ACB007E23E8 /* watchTests.xctest */;
			productType = "com.apple.product-type.bundle.unit-test";
		};
		2621630727A10ACB007E23E8 /* watchUITests */ = {
			isa = PBXNativeTarget;
			buildConfigurationList = 2621631E27A10ACB007E23E8 /* Build configuration list for PBXNativeTarget "watchUITests" */;
			buildPhases = (
				2621630427A10ACB007E23E8 /* Sources */,
				2621630527A10ACB007E23E8 /* Frameworks */,
				2621630627A10ACB007E23E8 /* Resources */,
			);
			buildRules = (
			);
			dependencies = (
				2621630A27A10ACB007E23E8 /* PBXTargetDependency */,
			);
			name = watchUITests;
			productName = watchUITests;
			productReference = 2621630827A10ACB007E23E8 /* watchUITests.xctest */;
			productType = "com.apple.product-type.bundle.ui-testing";
		};
		6302D24A17567875006961E3 /* f91w */ = {
			isa = PBXNativeTarget;
			buildConfigurationList = 6302D28617567875006961E3 /* Build configuration list for PBXNativeTarget "f91w" */;
			buildPhases = (
				6302D24717567875006961E3 /* Sources */,
				6302D24817567875006961E3 /* Frameworks */,
				6302D24917567875006961E3 /* Resources */,
				2621631A27A10ACB007E23E8 /* Embed Watch Content */,
			);
			buildRules = (
			);
			dependencies = (
				2621631127A10ACB007E23E8 /* PBXTargetDependency */,
			);
			name = f91w;
			productName = f91w;
			productReference = 6302D24B17567875006961E3 /* f91w.app */;
			productType = "com.apple.product-type.application";
		};
		6302D27317567875006961E3 /* f91wTests */ = {
			isa = PBXNativeTarget;
			buildConfigurationList = 6302D28917567875006961E3 /* Build configuration list for PBXNativeTarget "f91wTests" */;
			buildPhases = (
				6302D26F17567875006961E3 /* Sources */,
				6302D27017567875006961E3 /* Frameworks */,
				6302D27117567875006961E3 /* Resources */,
				6302D27217567875006961E3 /* ShellScript */,
			);
			buildRules = (
			);
			dependencies = (
				6302D27A17567875006961E3 /* PBXTargetDependency */,
			);
			name = f91wTests;
			productName = f91wTests;
			productReference = 6302D27417567875006961E3 /* f91wTests.octest */;
			productType = "com.apple.product-type.bundle.ocunit-test";
		};
		63E8672A175E43BD00135D0A /* f91w_osx */ = {
			isa = PBXNativeTarget;
			buildConfigurationList = 63E86757175E43C100135D0A /* Build configuration list for PBXNativeTarget "f91w_osx" */;
			buildPhases = (
				63E86727175E43BD00135D0A /* Sources */,
				63E86728175E43BD00135D0A /* Frameworks */,
				63E86729175E43BD00135D0A /* Resources */,
			);
			buildRules = (
			);
			dependencies = (
			);
			name = f91w_osx;
			productName = f91w_osx;
			productReference = 63E8672B175E43BE00135D0A /* f91w_osx.app */;
			productType = "com.apple.product-type.application";
		};
		63E86748175E43C100135D0A /* f91w_osxTests */ = {
			isa = PBXNativeTarget;
			buildConfigurationList = 63E8675A175E43C100135D0A /* Build configuration list for PBXNativeTarget "f91w_osxTests" */;
			buildPhases = (
				63E86744175E43C100135D0A /* Sources */,
				63E86745175E43C100135D0A /* Frameworks */,
				63E86746175E43C100135D0A /* Resources */,
				63E86747175E43C100135D0A /* ShellScript */,
			);
			buildRules = (
			);
			dependencies = (
				63E8674D175E43C100135D0A /* PBXTargetDependency */,
			);
			name = f91w_osxTests;
			productName = f91w_osxTests;
			productReference = 63E86749175E43C100135D0A /* f91w_osxTests.octest */;
			productType = "com.apple.product-type.bundle.ocunit-test";
		};
/* End PBXNativeTarget section */

/* Begin PBXProject section */
		6302D24317567875006961E3 /* Project object */ = {
			isa = PBXProject;
			attributes = {
				CLASSPREFIX = f91w;
				LastTestingUpgradeCheck = 0630;
				LastUpgradeCheck = 1310;
				ORGANIZATIONNAME = HALMOS;
				TargetAttributes = {
					262162D927A10ACA007E23E8 = {
						CreatedOnToolsVersion = 13.2.1;
						DevelopmentTeam = 2T5W462SEL;
						ProvisioningStyle = Automatic;
					};
					262162E427A10ACA007E23E8 = {
						CreatedOnToolsVersion = 13.2.1;
						DevelopmentTeam = 2T5W462SEL;
						ProvisioningStyle = Automatic;
					};
					262162FD27A10ACB007E23E8 = {
						CreatedOnToolsVersion = 13.2.1;
						DevelopmentTeam = 2T5W462SEL;
						ProvisioningStyle = Automatic;
						TestTargetID = 262162E427A10ACA007E23E8;
					};
					2621630727A10ACB007E23E8 = {
						CreatedOnToolsVersion = 13.2.1;
						DevelopmentTeam = 2T5W462SEL;
						ProvisioningStyle = Automatic;
						TestTargetID = 262162D927A10ACA007E23E8;
					};
					6302D24A17567875006961E3 = {
						DevelopmentTeam = 2T5W462SEL;
						ProvisioningStyle = Automatic;
					};
				};
			};
			buildConfigurationList = 6302D24617567875006961E3 /* Build configuration list for PBXProject "f91w" */;
			compatibilityVersion = "Xcode 3.2";
			developmentRegion = en;
			hasScannedForEncodings = 0;
			knownRegions = (
				en,
				Base,
			);
			mainGroup = 6302D24217567875006961E3;
			productRefGroup = 6302D24C17567875006961E3 /* Products */;
			projectDirPath = "";
			projectRoot = "";
			targets = (
				6302D24A17567875006961E3 /* f91w */,
				6302D27317567875006961E3 /* f91wTests */,
				63E8672A175E43BD00135D0A /* f91w_osx */,
				63E86748175E43C100135D0A /* f91w_osxTests */,
				262162D927A10ACA007E23E8 /* watch */,
				262162E427A10ACA007E23E8 /* watch WatchKit Extension */,
				262162FD27A10ACB007E23E8 /* watchTests */,
				2621630727A10ACB007E23E8 /* watchUITests */,
			);
		};
/* End PBXProject section */

/* Begin PBXResourcesBuildPhase section */
		262162D827A10ACA007E23E8 /* Resources */ = {
			isa = PBXResourcesBuildPhase;
			buildActionMask = 2147483647;
			files = (
				262162E027A10ACA007E23E8 /* Assets.xcassets in Resources */,
				26D843C52DC3BE810004F697 /* jingle.mp3 in Resources */,
				26AB9FF527A3A6EE009B2185 /* Media.xcassets in Resources */,
				262162DE27A10ACA007E23E8 /* Interface.storyboard in Resources */,
			);
			runOnlyForDeploymentPostprocessing = 0;
		};
		262162E327A10ACA007E23E8 /* Resources */ = {
			isa = PBXResourcesBuildPhase;
			buildActionMask = 2147483647;
			files = (
				26D843C82DC3BE9B0004F697 /* jingle.mp3 in Resources */,
				262162F727A10ACB007E23E8 /* Assets.xcassets in Resources */,
				26AB9FEA27A2EA5E009B2185 /* FaceScene.sks in Resources */,
			);
			runOnlyForDeploymentPostprocessing = 0;
		};
		262162FC27A10ACB007E23E8 /* Resources */ = {
			isa = PBXResourcesBuildPhase;
			buildActionMask = 2147483647;
			files = (
			);
			runOnlyForDeploymentPostprocessing = 0;
		};
		2621630627A10ACB007E23E8 /* Resources */ = {
			isa = PBXResourcesBuildPhase;
			buildActionMask = 2147483647;
			files = (
			);
			runOnlyForDeploymentPostprocessing = 0;
		};
		6302D24917567875006961E3 /* Resources */ = {
			isa = PBXResourcesBuildPhase;
			buildActionMask = 2147483647;
			files = (
				26D843CC2DC447F90004F697 /* LaunchScreen.storyboard in Resources */,
				6302D25917567875006961E3 /* InfoPlist.strings in Resources */,
				26D843C62DC3BE810004F697 /* jingle.mp3 in Resources */,
				6302D26117567875006961E3 /* Default.png in Resources */,
				2A77DCE31B03EF420042EDA7 /* Media.xcassets in Resources */,
				6302D26317567875006961E3 /* Default@2x.png in Resources */,
				6302D26517567875006961E3 /* Default-568h@2x.png in Resources */,
				6302D26817567875006961E3 /* MainStoryboard_iPhone.storyboard in Resources */,
				6302D26B17567875006961E3 /* MainStoryboard_iPad.storyboard in Resources */,
			);
			runOnlyForDeploymentPostprocessing = 0;
		};
		6302D27117567875006961E3 /* Resources */ = {
			isa = PBXResourcesBuildPhase;
			buildActionMask = 2147483647;
			files = (
				6302D28017567875006961E3 /* InfoPlist.strings in Resources */,
			);
			runOnlyForDeploymentPostprocessing = 0;
		};
		63E86729175E43BD00135D0A /* Resources */ = {
			isa = PBXResourcesBuildPhase;
			buildActionMask = 2147483647;
			files = (
				071EB1BE211E2EB600AE493E /* Media.xcassets in Resources */,
				63E86737175E43BF00135D0A /* InfoPlist.strings in Resources */,
				2AE49B7F1B0931F500BADC8B /* Storyboard.storyboard in Resources */,
				26D843C72DC3BE810004F697 /* jingle.mp3 in Resources */,
				63E8673D175E43BF00135D0A /* Credits.rtf in Resources */,
				63E86743175E43C000135D0A /* MainMenu.xib in Resources */,
			);
			runOnlyForDeploymentPostprocessing = 0;
		};
		63E86746175E43C100135D0A /* Resources */ = {
			isa = PBXResourcesBuildPhase;
			buildActionMask = 2147483647;
			files = (
				63E86753175E43C100135D0A /* InfoPlist.strings in Resources */,
			);
			runOnlyForDeploymentPostprocessing = 0;
		};
/* End PBXResourcesBuildPhase section */

/* Begin PBXShellScriptBuildPhase section */
		6302D27217567875006961E3 /* ShellScript */ = {
			isa = PBXShellScriptBuildPhase;
			buildActionMask = 2147483647;
			files = (
			);
			inputPaths = (
			);
			outputPaths = (
			);
			runOnlyForDeploymentPostprocessing = 0;
			shellPath = /bin/sh;
			shellScript = "# Run the unit tests in this test bundle.\n\"${SYSTEM_DEVELOPER_DIR}/Tools/RunUnitTests\"\n";
		};
		63E86747175E43C100135D0A /* ShellScript */ = {
			isa = PBXShellScriptBuildPhase;
			buildActionMask = 2147483647;
			files = (
			);
			inputPaths = (
			);
			outputPaths = (
			);
			runOnlyForDeploymentPostprocessing = 0;
			shellPath = /bin/sh;
			shellScript = "# Run the unit tests in this test bundle.\n\"${SYSTEM_DEVELOPER_DIR}/Tools/RunUnitTests\"\n";
		};
/* End PBXShellScriptBuildPhase section */

/* Begin PBXSourcesBuildPhase section */
		262162E127A10ACA007E23E8 /* Sources */ = {
			isa = PBXSourcesBuildPhase;
			buildActionMask = 2147483647;
			files = (
				26AB9FF427A3A556009B2185 /* msp430.c in Sources */,
				262162EF27A10ACA007E23E8 /* ExtensionDelegate.m in Sources */,
				26ABA00027A3B217009B2185 /* dexterSinister.c in Sources */,
				262162F527A10ACA007E23E8 /* ComplicationController.m in Sources */,
				26AB9FED27A2EAD1009B2185 /* FaceScene.m in Sources */,
				262162EC27A10ACA007E23E8 /* InterfaceController.m in Sources */,
				26AB9FF327A3A553009B2185 /* LCD.c in Sources */,
				262162F227A10ACA007E23E8 /* NotificationController.m in Sources */,
				93E4CAF227AE25C3006A5034 /* dexterSinister_UI.c in Sources */,
				26AB9FF227A3A551009B2185 /* rtc.c in Sources */,
			);
			runOnlyForDeploymentPostprocessing = 0;
		};
		262162FA27A10ACB007E23E8 /* Sources */ = {
			isa = PBXSourcesBuildPhase;
			buildActionMask = 2147483647;
			files = (
				2621630327A10ACB007E23E8 /* watchTests.m in Sources */,
			);
			runOnlyForDeploymentPostprocessing = 0;
		};
		2621630427A10ACB007E23E8 /* Sources */ = {
			isa = PBXSourcesBuildPhase;
			buildActionMask = 2147483647;
			files = (
				2621630F27A10ACB007E23E8 /* watchUITestsLaunchTests.m in Sources */,
				2621630D27A10ACB007E23E8 /* watchUITests.m in Sources */,
			);
			runOnlyForDeploymentPostprocessing = 0;
		};
		6302D24717567875006961E3 /* Sources */ = {
			isa = PBXSourcesBuildPhase;
			buildActionMask = 2147483647;
			files = (
				63E8670F175953E500135D0A /* dexterSinister.c in Sources */,
				63E86723175A810300135D0A /* dexterSinister_UI.c in Sources */,
				63E86721175A80F900135D0A /* LCD.c in Sources */,
				63E86722175A80FC00135D0A /* rtc.c in Sources */,
				63E8671F175A746F00135D0A /* msp430.c in Sources */,
				6302D25B17567875006961E3 /* main.m in Sources */,
				6302D25F17567875006961E3 /* f91wAppDelegate.m in Sources */,
				6302D26E17567875006961E3 /* f91wViewController.m in Sources */,
				63E86716175A2C9A00135D0A /* f91w.m in Sources */,
				63E86726175D33E200135D0A /* display.m in Sources */,
			);
			runOnlyForDeploymentPostprocessing = 0;
		};
		6302D26F17567875006961E3 /* Sources */ = {
			isa = PBXSourcesBuildPhase;
			buildActionMask = 2147483647;
			files = (
				6302D28317567875006961E3 /* f91wTests.m in Sources */,
			);
			runOnlyForDeploymentPostprocessing = 0;
		};
		63E86727175E43BD00135D0A /* Sources */ = {
			isa = PBXSourcesBuildPhase;
			buildActionMask = 2147483647;
			files = (
				63E86739175E43BF00135D0A /* main.m in Sources */,
				63E86740175E43BF00135D0A /* f91wAppDelegate.m in Sources */,
				2ADB64341AFAA6A100DFEBF7 /* LCD.c in Sources */,
				2ADB64331AFAA69D00DFEBF7 /* dexterSinister_UI.c in Sources */,
				2ADB64321AFAA69B00DFEBF7 /* dexterSinister.c in Sources */,
				2ADB64361AFAA6A900DFEBF7 /* msp430.c in Sources */,
				2ADB64311AFAA69700DFEBF7 /* display.m in Sources */,
				2ADB64301AFAA69400DFEBF7 /* f91w.m in Sources */,
				2ADB64351AFAA6A500DFEBF7 /* rtc.c in Sources */,
			);
			runOnlyForDeploymentPostprocessing = 0;
		};
		63E86744175E43C100135D0A /* Sources */ = {
			isa = PBXSourcesBuildPhase;
			buildActionMask = 2147483647;
			files = (
				63E86756175E43C100135D0A /* f91w_osxTests.m in Sources */,
			);
			runOnlyForDeploymentPostprocessing = 0;
		};
/* End PBXSourcesBuildPhase section */

/* Begin PBXTargetDependency section */
		262162E827A10ACA007E23E8 /* PBXTargetDependency */ = {
			isa = PBXTargetDependency;
			target = 262162E427A10ACA007E23E8 /* watch WatchKit Extension */;
			targetProxy = 262162E727A10ACA007E23E8 /* PBXContainerItemProxy */;
		};
		2621630027A10ACB007E23E8 /* PBXTargetDependency */ = {
			isa = PBXTargetDependency;
			target = 262162E427A10ACA007E23E8 /* watch WatchKit Extension */;
			targetProxy = 262162FF27A10ACB007E23E8 /* PBXContainerItemProxy */;
		};
		2621630A27A10ACB007E23E8 /* PBXTargetDependency */ = {
			isa = PBXTargetDependency;
			target = 262162D927A10ACA007E23E8 /* watch */;
			targetProxy = 2621630927A10ACB007E23E8 /* PBXContainerItemProxy */;
		};
		2621631127A10ACB007E23E8 /* PBXTargetDependency */ = {
			isa = PBXTargetDependency;
			target = 262162D927A10ACA007E23E8 /* watch */;
			targetProxy = 2621631027A10ACB007E23E8 /* PBXContainerItemProxy */;
		};
		6302D27A17567875006961E3 /* PBXTargetDependency */ = {
			isa = PBXTargetDependency;
			target = 6302D24A17567875006961E3 /* f91w */;
			targetProxy = 6302D27917567875006961E3 /* PBXContainerItemProxy */;
		};
		63E8674D175E43C100135D0A /* PBXTargetDependency */ = {
			isa = PBXTargetDependency;
			target = 63E8672A175E43BD00135D0A /* f91w_osx */;
			targetProxy = 63E8674C175E43C100135D0A /* PBXContainerItemProxy */;
		};
/* End PBXTargetDependency section */

/* Begin PBXVariantGroup section */
		262162DC27A10ACA007E23E8 /* Interface.storyboard */ = {
			isa = PBXVariantGroup;
			children = (
				262162DD27A10ACA007E23E8 /* Base */,
			);
			name = Interface.storyboard;
			sourceTree = "<group>";
		};
		6302D25717567875006961E3 /* InfoPlist.strings */ = {
			isa = PBXVariantGroup;
			children = (
				6302D25817567875006961E3 /* en */,
			);
			name = InfoPlist.strings;
			sourceTree = "<group>";
		};
		6302D26617567875006961E3 /* MainStoryboard_iPhone.storyboard */ = {
			isa = PBXVariantGroup;
			children = (
				6302D26717567875006961E3 /* en */,
			);
			name = MainStoryboard_iPhone.storyboard;
			sourceTree = "<group>";
		};
		6302D26917567875006961E3 /* MainStoryboard_iPad.storyboard */ = {
			isa = PBXVariantGroup;
			children = (
				6302D26A17567875006961E3 /* en */,
			);
			name = MainStoryboard_iPad.storyboard;
			sourceTree = "<group>";
		};
		6302D27E17567875006961E3 /* InfoPlist.strings */ = {
			isa = PBXVariantGroup;
			children = (
				6302D27F17567875006961E3 /* en */,
			);
			name = InfoPlist.strings;
			sourceTree = "<group>";
		};
		63E86735175E43BF00135D0A /* InfoPlist.strings */ = {
			isa = PBXVariantGroup;
			children = (
				63E86736175E43BF00135D0A /* en */,
			);
			name = InfoPlist.strings;
			sourceTree = "<group>";
		};
		63E8673B175E43BF00135D0A /* Credits.rtf */ = {
			isa = PBXVariantGroup;
			children = (
				63E8673C175E43BF00135D0A /* en */,
			);
			name = Credits.rtf;
			sourceTree = "<group>";
		};
		63E86741175E43C000135D0A /* MainMenu.xib */ = {
			isa = PBXVariantGroup;
			children = (
				63E86742175E43C000135D0A /* en */,
			);
			name = MainMenu.xib;
			sourceTree = "<group>";
		};
		63E86751175E43C100135D0A /* InfoPlist.strings */ = {
			isa = PBXVariantGroup;
			children = (
				63E86752175E43C100135D0A /* en */,
			);
			name = InfoPlist.strings;
			sourceTree = "<group>";
		};
/* End PBXVariantGroup section */

/* Begin XCBuildConfiguration section */
		2621631427A10ACB007E23E8 /* Debug */ = {
			isa = XCBuildConfiguration;
			buildSettings = {
				ASSETCATALOG_COMPILER_COMPLICATION_NAME = Complication;
				CLANG_ANALYZER_NONNULL = YES;
				CLANG_ANALYZER_NUMBER_OBJECT_CONVERSION = YES_AGGRESSIVE;
				CLANG_CXX_LANGUAGE_STANDARD = "gnu++17";
				CLANG_ENABLE_MODULES = YES;
				CLANG_ENABLE_OBJC_WEAK = YES;
				CLANG_WARN_DIRECT_OBJC_ISA_USAGE = YES_ERROR;
				CLANG_WARN_DOCUMENTATION_COMMENTS = YES;
				CLANG_WARN_OBJC_ROOT_CLASS = YES_ERROR;
				CLANG_WARN_UNGUARDED_AVAILABILITY = YES_AGGRESSIVE;
				CODE_SIGN_STYLE = Automatic;
				CURRENT_PROJECT_VERSION = 5;
				DEBUG_INFORMATION_FORMAT = dwarf;
				DEVELOPMENT_TEAM = 2T5W462SEL;
				GCC_C_LANGUAGE_STANDARD = gnu11;
				GCC_WARN_ABOUT_RETURN_TYPE = YES_ERROR;
				GCC_WARN_UNINITIALIZED_AUTOS = YES_AGGRESSIVE;
				GENERATE_INFOPLIST_FILE = YES;
				INFOPLIST_FILE = "watch WatchKit Extension/Info.plist";
				INFOPLIST_KEY_CFBundleDisplayName = "watch WatchKit Extension";
				INFOPLIST_KEY_CLKComplicationPrincipalClass = ComplicationController;
				INFOPLIST_KEY_NSHumanReadableCopyright = "Copyright © 2022 HALMOS. All rights reserved.";
				INFOPLIST_KEY_WKExtensionDelegateClassName = ExtensionDelegate;
				INFOPLIST_KEY_WKRunsIndependentlyOfCompanionApp = YES;
				LD_RUNPATH_SEARCH_PATHS = "$(inherited) @executable_path/Frameworks @executable_path/../../Frameworks";
				MARKETING_VERSION = 1.0.2;
				MTL_ENABLE_DEBUG_INFO = INCLUDE_SOURCE;
				MTL_FAST_MATH = YES;
				PRODUCT_BUNDLE_IDENTIFIER = "com.o-r-g.f91w.watchkitapp.watchkitextension";
				PRODUCT_NAME = "${TARGET_NAME}";
				SDKROOT = watchos;
				SKIP_INSTALL = YES;
				SWIFT_EMIT_LOC_STRINGS = YES;
				TARGETED_DEVICE_FAMILY = 4;
				WATCHOS_DEPLOYMENT_TARGET = 8.0;
			};
			name = Debug;
		};
		2621631527A10ACB007E23E8 /* Release */ = {
			isa = XCBuildConfiguration;
			buildSettings = {
				ASSETCATALOG_COMPILER_COMPLICATION_NAME = Complication;
				CLANG_ANALYZER_NONNULL = YES;
				CLANG_ANALYZER_NUMBER_OBJECT_CONVERSION = YES_AGGRESSIVE;
				CLANG_CXX_LANGUAGE_STANDARD = "gnu++17";
				CLANG_ENABLE_MODULES = YES;
				CLANG_ENABLE_OBJC_WEAK = YES;
				CLANG_WARN_DIRECT_OBJC_ISA_USAGE = YES_ERROR;
				CLANG_WARN_DOCUMENTATION_COMMENTS = YES;
				CLANG_WARN_OBJC_ROOT_CLASS = YES_ERROR;
				CLANG_WARN_UNGUARDED_AVAILABILITY = YES_AGGRESSIVE;
				CODE_SIGN_STYLE = Automatic;
				COPY_PHASE_STRIP = NO;
				CURRENT_PROJECT_VERSION = 5;
				DEBUG_INFORMATION_FORMAT = "dwarf-with-dsym";
				DEVELOPMENT_TEAM = 2T5W462SEL;
				ENABLE_NS_ASSERTIONS = NO;
				GCC_C_LANGUAGE_STANDARD = gnu11;
				GCC_WARN_ABOUT_RETURN_TYPE = YES_ERROR;
				GCC_WARN_UNINITIALIZED_AUTOS = YES_AGGRESSIVE;
				GENERATE_INFOPLIST_FILE = YES;
				INFOPLIST_FILE = "watch WatchKit Extension/Info.plist";
				INFOPLIST_KEY_CFBundleDisplayName = "watch WatchKit Extension";
				INFOPLIST_KEY_CLKComplicationPrincipalClass = ComplicationController;
				INFOPLIST_KEY_NSHumanReadableCopyright = "Copyright © 2022 HALMOS. All rights reserved.";
				INFOPLIST_KEY_WKExtensionDelegateClassName = ExtensionDelegate;
				INFOPLIST_KEY_WKRunsIndependentlyOfCompanionApp = YES;
				LD_RUNPATH_SEARCH_PATHS = "$(inherited) @executable_path/Frameworks @executable_path/../../Frameworks";
				MARKETING_VERSION = 1.0.2;
				MTL_ENABLE_DEBUG_INFO = NO;
				MTL_FAST_MATH = YES;
				PRODUCT_BUNDLE_IDENTIFIER = "com.o-r-g.f91w.watchkitapp.watchkitextension";
				PRODUCT_NAME = "${TARGET_NAME}";
				SDKROOT = watchos;
				SKIP_INSTALL = YES;
				SWIFT_EMIT_LOC_STRINGS = YES;
				TARGETED_DEVICE_FAMILY = 4;
				WATCHOS_DEPLOYMENT_TARGET = 8.0;
			};
			name = Release;
		};
		2621631827A10ACB007E23E8 /* Debug */ = {
			isa = XCBuildConfiguration;
			buildSettings = {
				ASSETCATALOG_COMPILER_APPICON_NAME = AppIcon;
				ASSETCATALOG_COMPILER_GLOBAL_ACCENT_COLOR_NAME = AccentColor;
				CLANG_ANALYZER_NONNULL = YES;
				CLANG_ANALYZER_NUMBER_OBJECT_CONVERSION = YES_AGGRESSIVE;
				CLANG_CXX_LANGUAGE_STANDARD = "gnu++17";
				CLANG_ENABLE_MODULES = YES;
				CLANG_ENABLE_OBJC_WEAK = YES;
				CLANG_WARN_DIRECT_OBJC_ISA_USAGE = YES_ERROR;
				CLANG_WARN_DOCUMENTATION_COMMENTS = YES;
				CLANG_WARN_OBJC_ROOT_CLASS = YES_ERROR;
				CLANG_WARN_UNGUARDED_AVAILABILITY = YES_AGGRESSIVE;
				CODE_SIGN_IDENTITY = "Apple Development";
				CODE_SIGN_STYLE = Automatic;
				CURRENT_PROJECT_VERSION = 5;
				DEBUG_INFORMATION_FORMAT = dwarf;
				DEVELOPMENT_TEAM = 2T5W462SEL;
				GCC_C_LANGUAGE_STANDARD = gnu11;
				GCC_WARN_ABOUT_RETURN_TYPE = YES_ERROR;
				GCC_WARN_UNINITIALIZED_AUTOS = YES_AGGRESSIVE;
				GENERATE_INFOPLIST_FILE = YES;
				IBSC_MODULE = watch_WatchKit_Extension;
				INFOPLIST_KEY_UISupportedInterfaceOrientations = "UIInterfaceOrientationPortrait UIInterfaceOrientationPortraitUpsideDown";
				INFOPLIST_KEY_WKCompanionAppBundleIdentifier = "com.o-r-g.f91w";
				MARKETING_VERSION = 1.0.2;
				MTL_ENABLE_DEBUG_INFO = INCLUDE_SOURCE;
				MTL_FAST_MATH = YES;
				PRODUCT_BUNDLE_IDENTIFIER = "com.o-r-g.f91w.watchkitapp";
				PRODUCT_NAME = Wyoscan;
				SDKROOT = watchos;
				SKIP_INSTALL = YES;
				SWIFT_EMIT_LOC_STRINGS = YES;
				TARGETED_DEVICE_FAMILY = 4;
				WATCHOS_DEPLOYMENT_TARGET = 8.0;
			};
			name = Debug;
		};
		2621631927A10ACB007E23E8 /* Release */ = {
			isa = XCBuildConfiguration;
			buildSettings = {
				ASSETCATALOG_COMPILER_APPICON_NAME = AppIcon;
				ASSETCATALOG_COMPILER_GLOBAL_ACCENT_COLOR_NAME = AccentColor;
				CLANG_ANALYZER_NONNULL = YES;
				CLANG_ANALYZER_NUMBER_OBJECT_CONVERSION = YES_AGGRESSIVE;
				CLANG_CXX_LANGUAGE_STANDARD = "gnu++17";
				CLANG_ENABLE_MODULES = YES;
				CLANG_ENABLE_OBJC_WEAK = YES;
				CLANG_WARN_DIRECT_OBJC_ISA_USAGE = YES_ERROR;
				CLANG_WARN_DOCUMENTATION_COMMENTS = YES;
				CLANG_WARN_OBJC_ROOT_CLASS = YES_ERROR;
				CLANG_WARN_UNGUARDED_AVAILABILITY = YES_AGGRESSIVE;
				CODE_SIGN_IDENTITY = "Apple Development";
				CODE_SIGN_STYLE = Automatic;
				COPY_PHASE_STRIP = NO;
				CURRENT_PROJECT_VERSION = 5;
				DEBUG_INFORMATION_FORMAT = "dwarf-with-dsym";
				DEVELOPMENT_TEAM = 2T5W462SEL;
				ENABLE_NS_ASSERTIONS = NO;
				GCC_C_LANGUAGE_STANDARD = gnu11;
				GCC_WARN_ABOUT_RETURN_TYPE = YES_ERROR;
				GCC_WARN_UNINITIALIZED_AUTOS = YES_AGGRESSIVE;
				GENERATE_INFOPLIST_FILE = YES;
				IBSC_MODULE = watch_WatchKit_Extension;
				INFOPLIST_KEY_UISupportedInterfaceOrientations = "UIInterfaceOrientationPortrait UIInterfaceOrientationPortraitUpsideDown";
				INFOPLIST_KEY_WKCompanionAppBundleIdentifier = "com.o-r-g.f91w";
				MARKETING_VERSION = 1.0.2;
				MTL_ENABLE_DEBUG_INFO = NO;
				MTL_FAST_MATH = YES;
				PRODUCT_BUNDLE_IDENTIFIER = "com.o-r-g.f91w.watchkitapp";
				PRODUCT_NAME = Wyoscan;
				SDKROOT = watchos;
				SKIP_INSTALL = YES;
				SWIFT_EMIT_LOC_STRINGS = YES;
				TARGETED_DEVICE_FAMILY = 4;
				WATCHOS_DEPLOYMENT_TARGET = 8.0;
			};
			name = Release;
		};
		2621631C27A10ACB007E23E8 /* Debug */ = {
			isa = XCBuildConfiguration;
			buildSettings = {
				BUNDLE_LOADER = "$(TEST_HOST)";
				CLANG_ANALYZER_NONNULL = YES;
				CLANG_ANALYZER_NUMBER_OBJECT_CONVERSION = YES_AGGRESSIVE;
				CLANG_CXX_LANGUAGE_STANDARD = "gnu++17";
				CLANG_ENABLE_MODULES = YES;
				CLANG_ENABLE_OBJC_WEAK = YES;
				CLANG_WARN_DIRECT_OBJC_ISA_USAGE = YES_ERROR;
				CLANG_WARN_DOCUMENTATION_COMMENTS = YES;
				CLANG_WARN_OBJC_ROOT_CLASS = YES_ERROR;
				CLANG_WARN_UNGUARDED_AVAILABILITY = YES_AGGRESSIVE;
				CODE_SIGN_STYLE = Automatic;
				CURRENT_PROJECT_VERSION = 1;
				DEBUG_INFORMATION_FORMAT = dwarf;
				DEVELOPMENT_TEAM = 2T5W462SEL;
				GCC_C_LANGUAGE_STANDARD = gnu11;
				GCC_WARN_ABOUT_RETURN_TYPE = YES_ERROR;
				GCC_WARN_UNINITIALIZED_AUTOS = YES_AGGRESSIVE;
				GENERATE_INFOPLIST_FILE = YES;
				MARKETING_VERSION = 1.0;
				MTL_ENABLE_DEBUG_INFO = INCLUDE_SOURCE;
				MTL_FAST_MATH = YES;
				PRODUCT_BUNDLE_IDENTIFIER = "com.o-r-g.f91w.watchTests";
				PRODUCT_NAME = "$(TARGET_NAME)";
				SDKROOT = watchos;
				SWIFT_EMIT_LOC_STRINGS = NO;
				TARGETED_DEVICE_FAMILY = 4;
				TEST_HOST = "$(BUILT_PRODUCTS_DIR)/watch WatchKit Extension.appex/watch WatchKit Extension";
				WATCHOS_DEPLOYMENT_TARGET = 8.3;
			};
			name = Debug;
		};
		2621631D27A10ACB007E23E8 /* Release */ = {
			isa = XCBuildConfiguration;
			buildSettings = {
				BUNDLE_LOADER = "$(TEST_HOST)";
				CLANG_ANALYZER_NONNULL = YES;
				CLANG_ANALYZER_NUMBER_OBJECT_CONVERSION = YES_AGGRESSIVE;
				CLANG_CXX_LANGUAGE_STANDARD = "gnu++17";
				CLANG_ENABLE_MODULES = YES;
				CLANG_ENABLE_OBJC_WEAK = YES;
				CLANG_WARN_DIRECT_OBJC_ISA_USAGE = YES_ERROR;
				CLANG_WARN_DOCUMENTATION_COMMENTS = YES;
				CLANG_WARN_OBJC_ROOT_CLASS = YES_ERROR;
				CLANG_WARN_UNGUARDED_AVAILABILITY = YES_AGGRESSIVE;
				CODE_SIGN_STYLE = Automatic;
				COPY_PHASE_STRIP = NO;
				CURRENT_PROJECT_VERSION = 1;
				DEBUG_INFORMATION_FORMAT = "dwarf-with-dsym";
				DEVELOPMENT_TEAM = 2T5W462SEL;
				ENABLE_NS_ASSERTIONS = NO;
				GCC_C_LANGUAGE_STANDARD = gnu11;
				GCC_WARN_ABOUT_RETURN_TYPE = YES_ERROR;
				GCC_WARN_UNINITIALIZED_AUTOS = YES_AGGRESSIVE;
				GENERATE_INFOPLIST_FILE = YES;
				MARKETING_VERSION = 1.0;
				MTL_ENABLE_DEBUG_INFO = NO;
				MTL_FAST_MATH = YES;
				PRODUCT_BUNDLE_IDENTIFIER = "com.o-r-g.f91w.watchTests";
				PRODUCT_NAME = "$(TARGET_NAME)";
				SDKROOT = watchos;
				SWIFT_EMIT_LOC_STRINGS = NO;
				TARGETED_DEVICE_FAMILY = 4;
				TEST_HOST = "$(BUILT_PRODUCTS_DIR)/watch WatchKit Extension.appex/watch WatchKit Extension";
				WATCHOS_DEPLOYMENT_TARGET = 8.3;
			};
			name = Release;
		};
		2621631F27A10ACB007E23E8 /* Debug */ = {
			isa = XCBuildConfiguration;
			buildSettings = {
				CLANG_ANALYZER_NONNULL = YES;
				CLANG_ANALYZER_NUMBER_OBJECT_CONVERSION = YES_AGGRESSIVE;
				CLANG_CXX_LANGUAGE_STANDARD = "gnu++17";
				CLANG_ENABLE_MODULES = YES;
				CLANG_ENABLE_OBJC_WEAK = YES;
				CLANG_WARN_DIRECT_OBJC_ISA_USAGE = YES_ERROR;
				CLANG_WARN_DOCUMENTATION_COMMENTS = YES;
				CLANG_WARN_OBJC_ROOT_CLASS = YES_ERROR;
				CLANG_WARN_UNGUARDED_AVAILABILITY = YES_AGGRESSIVE;
				CODE_SIGN_STYLE = Automatic;
				CURRENT_PROJECT_VERSION = 1;
				DEBUG_INFORMATION_FORMAT = dwarf;
				DEVELOPMENT_TEAM = 2T5W462SEL;
				GCC_C_LANGUAGE_STANDARD = gnu11;
				GCC_WARN_ABOUT_RETURN_TYPE = YES_ERROR;
				GCC_WARN_UNINITIALIZED_AUTOS = YES_AGGRESSIVE;
				GENERATE_INFOPLIST_FILE = YES;
				MARKETING_VERSION = 1.0;
				MTL_ENABLE_DEBUG_INFO = INCLUDE_SOURCE;
				MTL_FAST_MATH = YES;
				PRODUCT_BUNDLE_IDENTIFIER = "com.o-r-g.f91w.watchUITests";
				PRODUCT_NAME = "$(TARGET_NAME)";
				SDKROOT = watchos;
				SWIFT_EMIT_LOC_STRINGS = NO;
				TARGETED_DEVICE_FAMILY = 4;
				TEST_TARGET_NAME = watch;
				WATCHOS_DEPLOYMENT_TARGET = 8.3;
			};
			name = Debug;
		};
		2621632027A10ACB007E23E8 /* Release */ = {
			isa = XCBuildConfiguration;
			buildSettings = {
				CLANG_ANALYZER_NONNULL = YES;
				CLANG_ANALYZER_NUMBER_OBJECT_CONVERSION = YES_AGGRESSIVE;
				CLANG_CXX_LANGUAGE_STANDARD = "gnu++17";
				CLANG_ENABLE_MODULES = YES;
				CLANG_ENABLE_OBJC_WEAK = YES;
				CLANG_WARN_DIRECT_OBJC_ISA_USAGE = YES_ERROR;
				CLANG_WARN_DOCUMENTATION_COMMENTS = YES;
				CLANG_WARN_OBJC_ROOT_CLASS = YES_ERROR;
				CLANG_WARN_UNGUARDED_AVAILABILITY = YES_AGGRESSIVE;
				CODE_SIGN_STYLE = Automatic;
				COPY_PHASE_STRIP = NO;
				CURRENT_PROJECT_VERSION = 1;
				DEBUG_INFORMATION_FORMAT = "dwarf-with-dsym";
				DEVELOPMENT_TEAM = 2T5W462SEL;
				ENABLE_NS_ASSERTIONS = NO;
				GCC_C_LANGUAGE_STANDARD = gnu11;
				GCC_WARN_ABOUT_RETURN_TYPE = YES_ERROR;
				GCC_WARN_UNINITIALIZED_AUTOS = YES_AGGRESSIVE;
				GENERATE_INFOPLIST_FILE = YES;
				MARKETING_VERSION = 1.0;
				MTL_ENABLE_DEBUG_INFO = NO;
				MTL_FAST_MATH = YES;
				PRODUCT_BUNDLE_IDENTIFIER = "com.o-r-g.f91w.watchUITests";
				PRODUCT_NAME = "$(TARGET_NAME)";
				SDKROOT = watchos;
				SWIFT_EMIT_LOC_STRINGS = NO;
				TARGETED_DEVICE_FAMILY = 4;
				TEST_TARGET_NAME = watch;
				WATCHOS_DEPLOYMENT_TARGET = 8.3;
			};
			name = Release;
		};
		6302D28417567875006961E3 /* Debug */ = {
			isa = XCBuildConfiguration;
			buildSettings = {
				ALWAYS_SEARCH_USER_PATHS = NO;
				CLANG_ANALYZER_LOCALIZABILITY_NONLOCALIZED = YES;
				CLANG_CXX_LANGUAGE_STANDARD = "gnu++0x";
				CLANG_CXX_LIBRARY = "libc++";
				CLANG_ENABLE_OBJC_ARC = YES;
				CLANG_WARN_BLOCK_CAPTURE_AUTORELEASING = YES;
				CLANG_WARN_BOOL_CONVERSION = YES;
				CLANG_WARN_COMMA = YES;
				CLANG_WARN_CONSTANT_CONVERSION = YES;
				CLANG_WARN_DEPRECATED_OBJC_IMPLEMENTATIONS = YES;
				CLANG_WARN_EMPTY_BODY = YES;
				CLANG_WARN_ENUM_CONVERSION = YES;
				CLANG_WARN_INFINITE_RECURSION = YES;
				CLANG_WARN_INT_CONVERSION = YES;
				CLANG_WARN_NON_LITERAL_NULL_CONVERSION = YES;
				CLANG_WARN_OBJC_IMPLICIT_RETAIN_SELF = YES;
				CLANG_WARN_OBJC_LITERAL_CONVERSION = YES;
				CLANG_WARN_QUOTED_INCLUDE_IN_FRAMEWORK_HEADER = YES;
				CLANG_WARN_RANGE_LOOP_ANALYSIS = YES;
				CLANG_WARN_STRICT_PROTOTYPES = YES;
				CLANG_WARN_SUSPICIOUS_MOVE = YES;
				CLANG_WARN_UNREACHABLE_CODE = YES;
				CLANG_WARN__DUPLICATE_METHOD_MATCH = YES;
				"CODE_SIGN_IDENTITY[sdk=iphoneos*]" = "iPhone Developer";
				COPY_PHASE_STRIP = NO;
				ENABLE_STRICT_OBJC_MSGSEND = YES;
				ENABLE_TESTABILITY = YES;
				GCC_C_LANGUAGE_STANDARD = gnu99;
				GCC_DYNAMIC_NO_PIC = NO;
				GCC_NO_COMMON_BLOCKS = YES;
				GCC_OPTIMIZATION_LEVEL = 0;
				GCC_PREPROCESSOR_DEFINITIONS = (
					"DEBUG=1",
					"$(inherited)",
				);
				GCC_SYMBOLS_PRIVATE_EXTERN = NO;
				GCC_WARN_64_TO_32_BIT_CONVERSION = YES;
				GCC_WARN_ABOUT_RETURN_TYPE = YES;
				GCC_WARN_UNDECLARED_SELECTOR = YES;
				GCC_WARN_UNINITIALIZED_AUTOS = YES;
				GCC_WARN_UNUSED_FUNCTION = YES;
				GCC_WARN_UNUSED_VARIABLE = YES;
				HEADER_SEARCH_PATHS = /usr/include/libxml2;
				IPHONEOS_DEPLOYMENT_TARGET = 12.0;
				ONLY_ACTIVE_ARCH = YES;
				OTHER_LDFLAGS = "-ObjC";
				SDKROOT = iphoneos;
				TARGETED_DEVICE_FAMILY = "1,2";
				VALID_ARCHS = "$(ARCHS_STANDARD)";
			};
			name = Debug;
		};
		6302D28517567875006961E3 /* Release */ = {
			isa = XCBuildConfiguration;
			buildSettings = {
				ALWAYS_SEARCH_USER_PATHS = NO;
				CLANG_ANALYZER_LOCALIZABILITY_NONLOCALIZED = YES;
				CLANG_CXX_LANGUAGE_STANDARD = "gnu++0x";
				CLANG_CXX_LIBRARY = "libc++";
				CLANG_ENABLE_OBJC_ARC = YES;
				CLANG_WARN_BLOCK_CAPTURE_AUTORELEASING = YES;
				CLANG_WARN_BOOL_CONVERSION = YES;
				CLANG_WARN_COMMA = YES;
				CLANG_WARN_CONSTANT_CONVERSION = YES;
				CLANG_WARN_DEPRECATED_OBJC_IMPLEMENTATIONS = YES;
				CLANG_WARN_EMPTY_BODY = YES;
				CLANG_WARN_ENUM_CONVERSION = YES;
				CLANG_WARN_INFINITE_RECURSION = YES;
				CLANG_WARN_INT_CONVERSION = YES;
				CLANG_WARN_NON_LITERAL_NULL_CONVERSION = YES;
				CLANG_WARN_OBJC_IMPLICIT_RETAIN_SELF = YES;
				CLANG_WARN_OBJC_LITERAL_CONVERSION = YES;
				CLANG_WARN_QUOTED_INCLUDE_IN_FRAMEWORK_HEADER = YES;
				CLANG_WARN_RANGE_LOOP_ANALYSIS = YES;
				CLANG_WARN_STRICT_PROTOTYPES = YES;
				CLANG_WARN_SUSPICIOUS_MOVE = YES;
				CLANG_WARN_UNREACHABLE_CODE = YES;
				CLANG_WARN__DUPLICATE_METHOD_MATCH = YES;
				"CODE_SIGN_IDENTITY[sdk=iphoneos*]" = "iPhone Developer";
				COPY_PHASE_STRIP = YES;
				ENABLE_STRICT_OBJC_MSGSEND = YES;
				GCC_C_LANGUAGE_STANDARD = gnu99;
				GCC_NO_COMMON_BLOCKS = YES;
				GCC_WARN_64_TO_32_BIT_CONVERSION = YES;
				GCC_WARN_ABOUT_RETURN_TYPE = YES;
				GCC_WARN_UNDECLARED_SELECTOR = YES;
				GCC_WARN_UNINITIALIZED_AUTOS = YES;
				GCC_WARN_UNUSED_FUNCTION = YES;
				GCC_WARN_UNUSED_VARIABLE = YES;
				HEADER_SEARCH_PATHS = /usr/include/libxml2;
				IPHONEOS_DEPLOYMENT_TARGET = 12.0;
				OTHER_CFLAGS = "-DNS_BLOCK_ASSERTIONS=1";
				OTHER_LDFLAGS = "-ObjC";
				SDKROOT = iphoneos;
				TARGETED_DEVICE_FAMILY = "1,2";
				VALIDATE_PRODUCT = YES;
				VALID_ARCHS = "$(ARCHS_STANDARD)";
			};
			name = Release;
		};
		6302D28717567875006961E3 /* Debug */ = {
			isa = XCBuildConfiguration;
			buildSettings = {
				ASSETCATALOG_COMPILER_APPICON_NAME = AppIcon;
				CLANG_WARN_STRICT_PROTOTYPES = NO;
				CODE_SIGN_IDENTITY = "Apple Development";
				CODE_SIGN_STYLE = Automatic;
				CURRENT_PROJECT_VERSION = 5;
				DEVELOPMENT_TEAM = "";
				FRAMEWORK_SEARCH_PATHS = "";
				GCC_PRECOMPILE_PREFIX_HEADER = YES;
				GCC_PREFIX_HEADER = "f91w/f91w-Prefix.pch";
				INFOPLIST_FILE = "f91w/f91w-Info.plist";
				IPHONEOS_DEPLOYMENT_TARGET = 12.0;
				LIBRARY_SEARCH_PATHS = (
					"$(inherited)",
					"$(SRCROOT)",
					"$(PROJECT_DIR)",
				);
				MARKETING_VERSION = 1.0.2;
				PRODUCT_BUNDLE_IDENTIFIER = "com.o-r-g.$(PRODUCT_NAME:rfc1034identifier)";
				PRODUCT_NAME = "$(TARGET_NAME)";
				PROVISIONING_PROFILE_SPECIFIER = "";
				WRAPPER_EXTENSION = app;
			};
			name = Debug;
		};
		6302D28817567875006961E3 /* Release */ = {
			isa = XCBuildConfiguration;
			buildSettings = {
				ASSETCATALOG_COMPILER_APPICON_NAME = AppIcon;
				CLANG_WARN_STRICT_PROTOTYPES = NO;
				CODE_SIGN_IDENTITY = "Apple Development";
				CODE_SIGN_STYLE = Automatic;
				CURRENT_PROJECT_VERSION = 5;
				DEVELOPMENT_TEAM = "";
				FRAMEWORK_SEARCH_PATHS = "";
				GCC_PRECOMPILE_PREFIX_HEADER = YES;
				GCC_PREFIX_HEADER = "f91w/f91w-Prefix.pch";
				INFOPLIST_FILE = "f91w/f91w-Info.plist";
				IPHONEOS_DEPLOYMENT_TARGET = 12.0;
				LIBRARY_SEARCH_PATHS = (
					"$(inherited)",
					"$(SRCROOT)",
					"$(PROJECT_DIR)",
				);
				MARKETING_VERSION = 1.0.2;
				PRODUCT_BUNDLE_IDENTIFIER = "com.o-r-g.$(PRODUCT_NAME:rfc1034identifier)";
				PRODUCT_NAME = "$(TARGET_NAME)";
				PROVISIONING_PROFILE_SPECIFIER = "";
				WRAPPER_EXTENSION = app;
			};
			name = Release;
		};
		6302D28A17567875006961E3 /* Debug */ = {
			isa = XCBuildConfiguration;
			buildSettings = {
				BUNDLE_LOADER = "$(BUILT_PRODUCTS_DIR)/f91w.app/f91w";
				FRAMEWORK_SEARCH_PATHS = (
					"\"$(SDKROOT)/Developer/Library/Frameworks\"",
					"\"$(DEVELOPER_LIBRARY_DIR)/Frameworks\"",
				);
				GCC_PRECOMPILE_PREFIX_HEADER = YES;
				GCC_PREFIX_HEADER = "f91w/f91w-Prefix.pch";
				INFOPLIST_FILE = "f91wTests/f91wTests-Info.plist";
				PRODUCT_BUNDLE_IDENTIFIER = "edu.self.${PRODUCT_NAME:rfc1034identifier}";
				PRODUCT_NAME = "$(TARGET_NAME)";
				TEST_HOST = "$(BUNDLE_LOADER)";
				WRAPPER_EXTENSION = octest;
			};
			name = Debug;
		};
		6302D28B17567875006961E3 /* Release */ = {
			isa = XCBuildConfiguration;
			buildSettings = {
				BUNDLE_LOADER = "$(BUILT_PRODUCTS_DIR)/f91w.app/f91w";
				FRAMEWORK_SEARCH_PATHS = (
					"\"$(SDKROOT)/Developer/Library/Frameworks\"",
					"\"$(DEVELOPER_LIBRARY_DIR)/Frameworks\"",
				);
				GCC_PRECOMPILE_PREFIX_HEADER = YES;
				GCC_PREFIX_HEADER = "f91w/f91w-Prefix.pch";
				INFOPLIST_FILE = "f91wTests/f91wTests-Info.plist";
				PRODUCT_BUNDLE_IDENTIFIER = "edu.self.${PRODUCT_NAME:rfc1034identifier}";
				PRODUCT_NAME = "$(TARGET_NAME)";
				TEST_HOST = "$(BUNDLE_LOADER)";
				WRAPPER_EXTENSION = octest;
			};
			name = Release;
		};
		63E86758175E43C100135D0A /* Debug */ = {
			isa = XCBuildConfiguration;
			buildSettings = {
				CODE_SIGN_IDENTITY = "-";
				COMBINE_HIDPI_IMAGES = YES;
				FRAMEWORK_SEARCH_PATHS = (
					"$(inherited)",
					"\"$(SYSTEM_APPS_DIR)/Xcode.app/Contents/Developer/Library/Frameworks\"",
				);
				GCC_ENABLE_OBJC_EXCEPTIONS = YES;
				GCC_PRECOMPILE_PREFIX_HEADER = YES;
				GCC_PREFIX_HEADER = "f91w_osx/f91w_osx-Prefix.pch";
				GCC_WARN_64_TO_32_BIT_CONVERSION = YES;
				INFOPLIST_FILE = "f91w_osx/f91w_osx-Info.plist";
				MACOSX_DEPLOYMENT_TARGET = 10.8;
				PRODUCT_BUNDLE_IDENTIFIER = "edu.self.${PRODUCT_NAME:rfc1034identifier}";
				PRODUCT_NAME = "$(TARGET_NAME)";
				SDKROOT = macosx;
				VALID_ARCHS = x86_64;
				WRAPPER_EXTENSION = app;
			};
			name = Debug;
		};
		63E86759175E43C100135D0A /* Release */ = {
			isa = XCBuildConfiguration;
			buildSettings = {
				CODE_SIGN_IDENTITY = "-";
				COMBINE_HIDPI_IMAGES = YES;
				DEBUG_INFORMATION_FORMAT = "dwarf-with-dsym";
				FRAMEWORK_SEARCH_PATHS = (
					"$(inherited)",
					"\"$(SYSTEM_APPS_DIR)/Xcode.app/Contents/Developer/Library/Frameworks\"",
				);
				GCC_ENABLE_OBJC_EXCEPTIONS = YES;
				GCC_PRECOMPILE_PREFIX_HEADER = YES;
				GCC_PREFIX_HEADER = "f91w_osx/f91w_osx-Prefix.pch";
				GCC_WARN_64_TO_32_BIT_CONVERSION = YES;
				INFOPLIST_FILE = "f91w_osx/f91w_osx-Info.plist";
				MACOSX_DEPLOYMENT_TARGET = 10.8;
				PRODUCT_BUNDLE_IDENTIFIER = "edu.self.${PRODUCT_NAME:rfc1034identifier}";
				PRODUCT_NAME = "$(TARGET_NAME)";
				SDKROOT = macosx;
				VALID_ARCHS = x86_64;
				WRAPPER_EXTENSION = app;
			};
			name = Release;
		};
		63E8675B175E43C100135D0A /* Debug */ = {
			isa = XCBuildConfiguration;
			buildSettings = {
				BUNDLE_LOADER = "$(BUILT_PRODUCTS_DIR)/f91w_osx.app/Contents/MacOS/f91w_osx";
				COMBINE_HIDPI_IMAGES = YES;
				FRAMEWORK_SEARCH_PATHS = "\"$(DEVELOPER_LIBRARY_DIR)/Frameworks\"";
				GCC_ENABLE_OBJC_EXCEPTIONS = YES;
				GCC_PRECOMPILE_PREFIX_HEADER = YES;
				GCC_PREFIX_HEADER = "f91w_osx/f91w_osx-Prefix.pch";
				GCC_WARN_64_TO_32_BIT_CONVERSION = YES;
				INFOPLIST_FILE = "f91w_osxTests/f91w_osxTests-Info.plist";
				MACOSX_DEPLOYMENT_TARGET = 10.8;
				PRODUCT_BUNDLE_IDENTIFIER = "edu.self.${PRODUCT_NAME:rfc1034identifier}";
				PRODUCT_NAME = "$(TARGET_NAME)";
				SDKROOT = macosx;
				TEST_HOST = "$(BUNDLE_LOADER)";
				WRAPPER_EXTENSION = octest;
			};
			name = Debug;
		};
		63E8675C175E43C100135D0A /* Release */ = {
			isa = XCBuildConfiguration;
			buildSettings = {
				BUNDLE_LOADER = "$(BUILT_PRODUCTS_DIR)/f91w_osx.app/Contents/MacOS/f91w_osx";
				COMBINE_HIDPI_IMAGES = YES;
				DEBUG_INFORMATION_FORMAT = "dwarf-with-dsym";
				FRAMEWORK_SEARCH_PATHS = "\"$(DEVELOPER_LIBRARY_DIR)/Frameworks\"";
				GCC_ENABLE_OBJC_EXCEPTIONS = YES;
				GCC_PRECOMPILE_PREFIX_HEADER = YES;
				GCC_PREFIX_HEADER = "f91w_osx/f91w_osx-Prefix.pch";
				GCC_WARN_64_TO_32_BIT_CONVERSION = YES;
				INFOPLIST_FILE = "f91w_osxTests/f91w_osxTests-Info.plist";
				MACOSX_DEPLOYMENT_TARGET = 10.8;
				PRODUCT_BUNDLE_IDENTIFIER = "edu.self.${PRODUCT_NAME:rfc1034identifier}";
				PRODUCT_NAME = "$(TARGET_NAME)";
				SDKROOT = macosx;
				TEST_HOST = "$(BUNDLE_LOADER)";
				WRAPPER_EXTENSION = octest;
			};
			name = Release;
		};
/* End XCBuildConfiguration section */

/* Begin XCConfigurationList section */
		2621631327A10ACB007E23E8 /* Build configuration list for PBXNativeTarget "watch WatchKit Extension" */ = {
			isa = XCConfigurationList;
			buildConfigurations = (
				2621631427A10ACB007E23E8 /* Debug */,
				2621631527A10ACB007E23E8 /* Release */,
			);
			defaultConfigurationIsVisible = 0;
			defaultConfigurationName = Release;
		};
		2621631727A10ACB007E23E8 /* Build configuration list for PBXNativeTarget "watch" */ = {
			isa = XCConfigurationList;
			buildConfigurations = (
				2621631827A10ACB007E23E8 /* Debug */,
				2621631927A10ACB007E23E8 /* Release */,
			);
			defaultConfigurationIsVisible = 0;
			defaultConfigurationName = Release;
		};
		2621631B27A10ACB007E23E8 /* Build configuration list for PBXNativeTarget "watchTests" */ = {
			isa = XCConfigurationList;
			buildConfigurations = (
				2621631C27A10ACB007E23E8 /* Debug */,
				2621631D27A10ACB007E23E8 /* Release */,
			);
			defaultConfigurationIsVisible = 0;
			defaultConfigurationName = Release;
		};
		2621631E27A10ACB007E23E8 /* Build configuration list for PBXNativeTarget "watchUITests" */ = {
			isa = XCConfigurationList;
			buildConfigurations = (
				2621631F27A10ACB007E23E8 /* Debug */,
				2621632027A10ACB007E23E8 /* Release */,
			);
			defaultConfigurationIsVisible = 0;
			defaultConfigurationName = Release;
		};
		6302D24617567875006961E3 /* Build configuration list for PBXProject "f91w" */ = {
			isa = XCConfigurationList;
			buildConfigurations = (
				6302D28417567875006961E3 /* Debug */,
				6302D28517567875006961E3 /* Release */,
			);
			defaultConfigurationIsVisible = 0;
			defaultConfigurationName = Release;
		};
		6302D28617567875006961E3 /* Build configuration list for PBXNativeTarget "f91w" */ = {
			isa = XCConfigurationList;
			buildConfigurations = (
				6302D28717567875006961E3 /* Debug */,
				6302D28817567875006961E3 /* Release */,
			);
			defaultConfigurationIsVisible = 0;
			defaultConfigurationName = Release;
		};
		6302D28917567875006961E3 /* Build configuration list for PBXNativeTarget "f91wTests" */ = {
			isa = XCConfigurationList;
			buildConfigurations = (
				6302D28A17567875006961E3 /* Debug */,
				6302D28B17567875006961E3 /* Release */,
			);
			defaultConfigurationIsVisible = 0;
			defaultConfigurationName = Release;
		};
		63E86757175E43C100135D0A /* Build configuration list for PBXNativeTarget "f91w_osx" */ = {
			isa = XCConfigurationList;
			buildConfigurations = (
				63E86758175E43C100135D0A /* Debug */,
				63E86759175E43C100135D0A /* Release */,
			);
			defaultConfigurationIsVisible = 0;
			defaultConfigurationName = Release;
		};
		63E8675A175E43C100135D0A /* Build configuration list for PBXNativeTarget "f91w_osxTests" */ = {
			isa = XCConfigurationList;
			buildConfigurations = (
				63E8675B175E43C100135D0A /* Debug */,
				63E8675C175E43C100135D0A /* Release */,
			);
			defaultConfigurationIsVisible = 0;
			defaultConfigurationName = Release;
		};
/* End XCConfigurationList section */
	};
	rootObject = 6302D24317567875006961E3 /* Project object */;
}
